// !$*UTF8*$!
{
	archiveVersion = 1;
	classes = {
	};
	objectVersion = 56;
	objects = {

/* Begin PBXBuildFile section */
		0E2A3F4C250BC4C52F81BE3B /* Pods_GenralProject.framework in Frameworks */ = {isa = PBXBuildFile; fileRef = 71C8E04B40366CCB29077482 /* Pods_GenralProject.framework */; };
		F2657FA82B1491EB00CDEEF3 /* AppDelegate.swift in Sources */ = {isa = PBXBuildFile; fileRef = F2657FA72B1491EB00CDEEF3 /* AppDelegate.swift */; };
		F2657FAA2B1491EB00CDEEF3 /* SceneDelegate.swift in Sources */ = {isa = PBXBuildFile; fileRef = F2657FA92B1491EB00CDEEF3 /* SceneDelegate.swift */; };
		F2657FAC2B1491EB00CDEEF3 /* ViewController.swift in Sources */ = {isa = PBXBuildFile; fileRef = F2657FAB2B1491EB00CDEEF3 /* ViewController.swift */; };
		F2657FAF2B1491EB00CDEEF3 /* Main.storyboard in Resources */ = {isa = PBXBuildFile; fileRef = F2657FAD2B1491EB00CDEEF3 /* Main.storyboard */; };
		F2657FB12B1491EC00CDEEF3 /* Assets.xcassets in Resources */ = {isa = PBXBuildFile; fileRef = F2657FB02B1491EC00CDEEF3 /* Assets.xcassets */; };
		F2657FB42B1491EC00CDEEF3 /* LaunchScreen.storyboard in Resources */ = {isa = PBXBuildFile; fileRef = F2657FB22B1491EC00CDEEF3 /* LaunchScreen.storyboard */; };
		F2B384012B14959500F4FB60 /* ApiConstants.swift in Sources */ = {isa = PBXBuildFile; fileRef = F2B384002B14959500F4FB60 /* ApiConstants.swift */; };
		F2B384032B1495BC00F4FB60 /* ApiManager.swift in Sources */ = {isa = PBXBuildFile; fileRef = F2B384022B1495BC00F4FB60 /* ApiManager.swift */; };
		F2B384052B1495D500F4FB60 /* ApiRoutes.swift in Sources */ = {isa = PBXBuildFile; fileRef = F2B384042B1495D500F4FB60 /* ApiRoutes.swift */; };
		F2B384072B1495E600F4FB60 /* NetworkClient.swift in Sources */ = {isa = PBXBuildFile; fileRef = F2B384062B1495E600F4FB60 /* NetworkClient.swift */; };
		F2B384092B1495FF00F4FB60 /* API.swift in Sources */ = {isa = PBXBuildFile; fileRef = F2B384082B1495FF00F4FB60 /* API.swift */; };
		F2B3840D2B14966B00F4FB60 /* Global.swift in Sources */ = {isa = PBXBuildFile; fileRef = F2B3840C2B14966B00F4FB60 /* Global.swift */; };
		F2B3840F2B14968400F4FB60 /* Extension.swift in Sources */ = {isa = PBXBuildFile; fileRef = F2B3840E2B14968400F4FB60 /* Extension.swift */; };
		F2B384132B14973A00F4FB60 /* LoadingViewNib.swift in Sources */ = {isa = PBXBuildFile; fileRef = F2B384122B14973200F4FB60 /* LoadingViewNib.swift */; };
		F2B384142B14973E00F4FB60 /* LoadingViewNib.xib in Resources */ = {isa = PBXBuildFile; fileRef = F2B384112B14973200F4FB60 /* LoadingViewNib.xib */; };
/* End PBXBuildFile section */

/* Begin PBXFileReference section */
		23B171179BF8CD92A745F0DC /* Pods-GenralProject.release.xcconfig */ = {isa = PBXFileReference; includeInIndex = 1; lastKnownFileType = text.xcconfig; name = "Pods-GenralProject.release.xcconfig"; path = "Target Support Files/Pods-GenralProject/Pods-GenralProject.release.xcconfig"; sourceTree = "<group>"; };
		71C8E04B40366CCB29077482 /* Pods_GenralProject.framework */ = {isa = PBXFileReference; explicitFileType = wrapper.framework; includeInIndex = 0; path = Pods_GenralProject.framework; sourceTree = BUILT_PRODUCTS_DIR; };
		8719C42E7F2DE68B6C643F8B /* Pods-ClientPortal.release.xcconfig */ = {isa = PBXFileReference; includeInIndex = 1; lastKnownFileType = text.xcconfig; name = "Pods-ClientPortal.release.xcconfig"; path = "Target Support Files/Pods-ClientPortal/Pods-ClientPortal.release.xcconfig"; sourceTree = "<group>"; };
		A78F62084F2DD30094DFCADF /* Pods-GenralProject.debug.xcconfig */ = {isa = PBXFileReference; includeInIndex = 1; lastKnownFileType = text.xcconfig; name = "Pods-GenralProject.debug.xcconfig"; path = "Target Support Files/Pods-GenralProject/Pods-GenralProject.debug.xcconfig"; sourceTree = "<group>"; };
		C7138E92B8675F3A401361BB /* Pods-ClientPortal.debug.xcconfig */ = {isa = PBXFileReference; includeInIndex = 1; lastKnownFileType = text.xcconfig; name = "Pods-ClientPortal.debug.xcconfig"; path = "Target Support Files/Pods-ClientPortal/Pods-ClientPortal.debug.xcconfig"; sourceTree = "<group>"; };
		F2657FA42B1491EB00CDEEF3 /* GenralProject.app */ = {isa = PBXFileReference; explicitFileType = wrapper.application; includeInIndex = 0; path = GenralProject.app; sourceTree = BUILT_PRODUCTS_DIR; };
		F2657FA72B1491EB00CDEEF3 /* AppDelegate.swift */ = {isa = PBXFileReference; lastKnownFileType = sourcecode.swift; path = AppDelegate.swift; sourceTree = "<group>"; };
		F2657FA92B1491EB00CDEEF3 /* SceneDelegate.swift */ = {isa = PBXFileReference; lastKnownFileType = sourcecode.swift; path = SceneDelegate.swift; sourceTree = "<group>"; };
		F2657FAB2B1491EB00CDEEF3 /* ViewController.swift */ = {isa = PBXFileReference; lastKnownFileType = sourcecode.swift; path = ViewController.swift; sourceTree = "<group>"; };
		F2657FAE2B1491EB00CDEEF3 /* Base */ = {isa = PBXFileReference; lastKnownFileType = file.storyboard; name = Base; path = Base.lproj/Main.storyboard; sourceTree = "<group>"; };
		F2657FB02B1491EC00CDEEF3 /* Assets.xcassets */ = {isa = PBXFileReference; lastKnownFileType = folder.assetcatalog; path = Assets.xcassets; sourceTree = "<group>"; };
		F2657FB32B1491EC00CDEEF3 /* Base */ = {isa = PBXFileReference; lastKnownFileType = file.storyboard; name = Base; path = Base.lproj/LaunchScreen.storyboard; sourceTree = "<group>"; };
		F2657FB52B1491EC00CDEEF3 /* Info.plist */ = {isa = PBXFileReference; lastKnownFileType = text.plist.xml; path = Info.plist; sourceTree = "<group>"; };
		F2B384002B14959500F4FB60 /* ApiConstants.swift */ = {isa = PBXFileReference; lastKnownFileType = sourcecode.swift; path = ApiConstants.swift; sourceTree = "<group>"; };
		F2B384022B1495BC00F4FB60 /* ApiManager.swift */ = {isa = PBXFileReference; lastKnownFileType = sourcecode.swift; path = ApiManager.swift; sourceTree = "<group>"; };
		F2B384042B1495D500F4FB60 /* ApiRoutes.swift */ = {isa = PBXFileReference; lastKnownFileType = sourcecode.swift; path = ApiRoutes.swift; sourceTree = "<group>"; };
		F2B384062B1495E600F4FB60 /* NetworkClient.swift */ = {isa = PBXFileReference; lastKnownFileType = sourcecode.swift; path = NetworkClient.swift; sourceTree = "<group>"; };
		F2B384082B1495FF00F4FB60 /* API.swift */ = {isa = PBXFileReference; lastKnownFileType = sourcecode.swift; path = API.swift; sourceTree = "<group>"; };
		F2B3840C2B14966B00F4FB60 /* Global.swift */ = {isa = PBXFileReference; lastKnownFileType = sourcecode.swift; path = Global.swift; sourceTree = "<group>"; };
		F2B3840E2B14968400F4FB60 /* Extension.swift */ = {isa = PBXFileReference; lastKnownFileType = sourcecode.swift; path = Extension.swift; sourceTree = "<group>"; };
		F2B384112B14973200F4FB60 /* LoadingViewNib.xib */ = {isa = PBXFileReference; lastKnownFileType = file.xib; path = LoadingViewNib.xib; sourceTree = "<group>"; };
		F2B384122B14973200F4FB60 /* LoadingViewNib.swift */ = {isa = PBXFileReference; lastKnownFileType = sourcecode.swift; path = LoadingViewNib.swift; sourceTree = "<group>"; };
/* End PBXFileReference section */

/* Begin PBXFrameworksBuildPhase section */
		F2657FA12B1491EB00CDEEF3 /* Frameworks */ = {
			isa = PBXFrameworksBuildPhase;
			buildActionMask = 2147483647;
			files = (
				0E2A3F4C250BC4C52F81BE3B /* Pods_GenralProject.framework in Frameworks */,
			);
			runOnlyForDeploymentPostprocessing = 0;
		};
/* End PBXFrameworksBuildPhase section */

/* Begin PBXGroup section */
		2CF6DC080D0A0A5F9E5F02CF /* Pods */ = {
			isa = PBXGroup;
			children = (
				C7138E92B8675F3A401361BB /* Pods-ClientPortal.debug.xcconfig */,
				8719C42E7F2DE68B6C643F8B /* Pods-ClientPortal.release.xcconfig */,
				A78F62084F2DD30094DFCADF /* Pods-GenralProject.debug.xcconfig */,
				23B171179BF8CD92A745F0DC /* Pods-GenralProject.release.xcconfig */,
			);
			path = Pods;
			sourceTree = "<group>";
		};
		A36779171002A2BBB55C2953 /* Frameworks */ = {
			isa = PBXGroup;
			children = (
				71C8E04B40366CCB29077482 /* Pods_GenralProject.framework */,
			);
			name = Frameworks;
			sourceTree = "<group>";
		};
		F2657F9B2B1491EB00CDEEF3 = {
			isa = PBXGroup;
			children = (
				F2657FA62B1491EB00CDEEF3 /* GenralProject */,
				F2657FA52B1491EB00CDEEF3 /* Products */,
				2CF6DC080D0A0A5F9E5F02CF /* Pods */,
				A36779171002A2BBB55C2953 /* Frameworks */,
			);
			sourceTree = "<group>";
		};
		F2657FA52B1491EB00CDEEF3 /* Products */ = {
			isa = PBXGroup;
			children = (
				F2657FA42B1491EB00CDEEF3 /* GenralProject.app */,
			);
			name = Products;
			sourceTree = "<group>";
		};
		F2657FA62B1491EB00CDEEF3 /* GenralProject */ = {
			isa = PBXGroup;
			children = (
				F2657FC02B14946E00CDEEF3 /* Misc */,
				F2657FBB2B14944100CDEEF3 /* MVVM */,
				F2657FB02B1491EC00CDEEF3 /* Assets.xcassets */,
				F2657FB52B1491EC00CDEEF3 /* Info.plist */,
			);
			path = GenralProject;
			sourceTree = "<group>";
		};
		F2657FBB2B14944100CDEEF3 /* MVVM */ = {
			isa = PBXGroup;
			children = (
				F2657FBE2B14945800CDEEF3 /* View */,
				F2657FBD2B14944D00CDEEF3 /* ViewModel */,
				F2657FBC2B14944800CDEEF3 /* Model */,
			);
			path = MVVM;
			sourceTree = "<group>";
		};
		F2657FBC2B14944800CDEEF3 /* Model */ = {
			isa = PBXGroup;
			children = (
			);
			path = Model;
			sourceTree = "<group>";
		};
		F2657FBD2B14944D00CDEEF3 /* ViewModel */ = {
			isa = PBXGroup;
			children = (
			);
			path = ViewModel;
			sourceTree = "<group>";
		};
		F2657FBE2B14945800CDEEF3 /* View */ = {
			isa = PBXGroup;
			children = (
				F2657FC42B14949700CDEEF3 /* ViewControllers */,
				F2657FC32B14948D00CDEEF3 /* Nibs */,
				F2657FC22B14948300CDEEF3 /* Cells */,
				F2657FC12B14947900CDEEF3 /* SoryBoard */,
			);
			path = View;
			sourceTree = "<group>";
		};
		F2657FC02B14946E00CDEEF3 /* Misc */ = {
			isa = PBXGroup;
			children = (
				F2B3840A2B14964100F4FB60 /* Utlis */,
				F2657FC52B1494BC00CDEEF3 /* Network */,
				F2657FA72B1491EB00CDEEF3 /* AppDelegate.swift */,
				F2657FA92B1491EB00CDEEF3 /* SceneDelegate.swift */,
			);
			path = Misc;
			sourceTree = "<group>";
		};
		F2657FC12B14947900CDEEF3 /* SoryBoard */ = {
			isa = PBXGroup;
			children = (
				F2657FAD2B1491EB00CDEEF3 /* Main.storyboard */,
				F2657FB22B1491EC00CDEEF3 /* LaunchScreen.storyboard */,
			);
			path = SoryBoard;
			sourceTree = "<group>";
		};
		F2657FC22B14948300CDEEF3 /* Cells */ = {
			isa = PBXGroup;
			children = (
			);
			path = Cells;
			sourceTree = "<group>";
		};
		F2657FC32B14948D00CDEEF3 /* Nibs */ = {
			isa = PBXGroup;
			children = (
				F2B384122B14973200F4FB60 /* LoadingViewNib.swift */,
				F2B384112B14973200F4FB60 /* LoadingViewNib.xib */,
			);
			path = Nibs;
			sourceTree = "<group>";
		};
		F2657FC42B14949700CDEEF3 /* ViewControllers */ = {
			isa = PBXGroup;
			children = (
				F2657FAB2B1491EB00CDEEF3 /* ViewController.swift */,
			);
			path = ViewControllers;
			sourceTree = "<group>";
		};
		F2657FC52B1494BC00CDEEF3 /* Network */ = {
			isa = PBXGroup;
			children = (
				F2B384002B14959500F4FB60 /* ApiConstants.swift */,
				F2B384022B1495BC00F4FB60 /* ApiManager.swift */,
				F2B384042B1495D500F4FB60 /* ApiRoutes.swift */,
				F2B384062B1495E600F4FB60 /* NetworkClient.swift */,
				F2B384082B1495FF00F4FB60 /* API.swift */,
			);
			path = Network;
			sourceTree = "<group>";
		};
		F2B3840A2B14964100F4FB60 /* Utlis */ = {
			isa = PBXGroup;
			children = (
				F2B384102B1496DB00F4FB60 /* Font */,
				F2B3840B2B14964B00F4FB60 /* ViewUtils */,
				F2B3840C2B14966B00F4FB60 /* Global.swift */,
				F2B3840E2B14968400F4FB60 /* Extension.swift */,
			);
			path = Utlis;
			sourceTree = "<group>";
		};
		F2B3840B2B14964B00F4FB60 /* ViewUtils */ = {
			isa = PBXGroup;
			children = (
			);
			path = ViewUtils;
			sourceTree = "<group>";
		};
		F2B384102B1496DB00F4FB60 /* Font */ = {
			isa = PBXGroup;
			children = (
			);
			path = Font;
			sourceTree = "<group>";
		};
/* End PBXGroup section */

/* Begin PBXNativeTarget section */
		F2657FA32B1491EB00CDEEF3 /* GenralProject */ = {
			isa = PBXNativeTarget;
			buildConfigurationList = F2657FB82B1491EC00CDEEF3 /* Build configuration list for PBXNativeTarget "GenralProject" */;
			buildPhases = (
				9E84EBCB20821C95A8A456A2 /* [CP] Check Pods Manifest.lock */,
				F2657FA02B1491EB00CDEEF3 /* Sources */,
				F2657FA12B1491EB00CDEEF3 /* Frameworks */,
				F2657FA22B1491EB00CDEEF3 /* Resources */,
				1C1CB7636BCF3F9811DFE45A /* [CP] Embed Pods Frameworks */,
			);
			buildRules = (
			);
			dependencies = (
			);
			name = GenralProject;
			productName = ClientPortal;
			productReference = F2657FA42B1491EB00CDEEF3 /* GenralProject.app */;
			productType = "com.apple.product-type.application";
		};
/* End PBXNativeTarget section */

/* Begin PBXProject section */
		F2657F9C2B1491EB00CDEEF3 /* Project object */ = {
			isa = PBXProject;
			attributes = {
				BuildIndependentTargetsInParallel = 1;
				LastSwiftUpdateCheck = 1500;
				LastUpgradeCheck = 1500;
				TargetAttributes = {
					F2657FA32B1491EB00CDEEF3 = {
						CreatedOnToolsVersion = 15.0;
					};
				};
			};
			buildConfigurationList = F2657F9F2B1491EB00CDEEF3 /* Build configuration list for PBXProject "GenralProject" */;
			compatibilityVersion = "Xcode 14.0";
			developmentRegion = en;
			hasScannedForEncodings = 0;
			knownRegions = (
				en,
				Base,
			);
			mainGroup = F2657F9B2B1491EB00CDEEF3;
			productRefGroup = F2657FA52B1491EB00CDEEF3 /* Products */;
			projectDirPath = "";
			projectRoot = "";
			targets = (
				F2657FA32B1491EB00CDEEF3 /* GenralProject */,
			);
		};
/* End PBXProject section */

/* Begin PBXResourcesBuildPhase section */
		F2657FA22B1491EB00CDEEF3 /* Resources */ = {
			isa = PBXResourcesBuildPhase;
			buildActionMask = 2147483647;
			files = (
				F2657FB42B1491EC00CDEEF3 /* LaunchScreen.storyboard in Resources */,
				F2B384142B14973E00F4FB60 /* LoadingViewNib.xib in Resources */,
				F2657FB12B1491EC00CDEEF3 /* Assets.xcassets in Resources */,
				F2657FAF2B1491EB00CDEEF3 /* Main.storyboard in Resources */,
			);
			runOnlyForDeploymentPostprocessing = 0;
		};
/* End PBXResourcesBuildPhase section */

/* Begin PBXShellScriptBuildPhase section */
		1C1CB7636BCF3F9811DFE45A /* [CP] Embed Pods Frameworks */ = {
			isa = PBXShellScriptBuildPhase;
			buildActionMask = 2147483647;
			files = (
			);
			inputFileListPaths = (
				"${PODS_ROOT}/Target Support Files/Pods-GenralProject/Pods-GenralProject-frameworks-${CONFIGURATION}-input-files.xcfilelist",
			);
			name = "[CP] Embed Pods Frameworks";
			outputFileListPaths = (
				"${PODS_ROOT}/Target Support Files/Pods-GenralProject/Pods-GenralProject-frameworks-${CONFIGURATION}-output-files.xcfilelist",
			);
			runOnlyForDeploymentPostprocessing = 0;
			shellPath = /bin/sh;
			shellScript = "\"${PODS_ROOT}/Target Support Files/Pods-GenralProject/Pods-GenralProject-frameworks.sh\"\n";
			showEnvVarsInLog = 0;
		};
		9E84EBCB20821C95A8A456A2 /* [CP] Check Pods Manifest.lock */ = {
			isa = PBXShellScriptBuildPhase;
			buildActionMask = 2147483647;
			files = (
			);
			inputFileListPaths = (
			);
			inputPaths = (
				"${PODS_PODFILE_DIR_PATH}/Podfile.lock",
				"${PODS_ROOT}/Manifest.lock",
			);
			name = "[CP] Check Pods Manifest.lock";
			outputFileListPaths = (
			);
			outputPaths = (
				"$(DERIVED_FILE_DIR)/Pods-GenralProject-checkManifestLockResult.txt",
			);
			runOnlyForDeploymentPostprocessing = 0;
			shellPath = /bin/sh;
			shellScript = "diff \"${PODS_PODFILE_DIR_PATH}/Podfile.lock\" \"${PODS_ROOT}/Manifest.lock\" > /dev/null\nif [ $? != 0 ] ; then\n    # print error to STDERR\n    echo \"error: The sandbox is not in sync with the Podfile.lock. Run 'pod install' or update your CocoaPods installation.\" >&2\n    exit 1\nfi\n# This output is used by Xcode 'outputs' to avoid re-running this script phase.\necho \"SUCCESS\" > \"${SCRIPT_OUTPUT_FILE_0}\"\n";
			showEnvVarsInLog = 0;
		};
/* End PBXShellScriptBuildPhase section */

/* Begin PBXSourcesBuildPhase section */
		F2657FA02B1491EB00CDEEF3 /* Sources */ = {
			isa = PBXSourcesBuildPhase;
			buildActionMask = 2147483647;
			files = (
				F2B384012B14959500F4FB60 /* ApiConstants.swift in Sources */,
				F2657FAC2B1491EB00CDEEF3 /* ViewController.swift in Sources */,
				F2B384032B1495BC00F4FB60 /* ApiManager.swift in Sources */,
				F2657FA82B1491EB00CDEEF3 /* AppDelegate.swift in Sources */,
				F2B384072B1495E600F4FB60 /* NetworkClient.swift in Sources */,
				F2B3840F2B14968400F4FB60 /* Extension.swift in Sources */,
				F2B384052B1495D500F4FB60 /* ApiRoutes.swift in Sources */,
				F2B384132B14973A00F4FB60 /* LoadingViewNib.swift in Sources */,
				F2B384092B1495FF00F4FB60 /* API.swift in Sources */,
				F2657FAA2B1491EB00CDEEF3 /* SceneDelegate.swift in Sources */,
				F2B3840D2B14966B00F4FB60 /* Global.swift in Sources */,
			);
			runOnlyForDeploymentPostprocessing = 0;
		};
/* End PBXSourcesBuildPhase section */

/* Begin PBXVariantGroup section */
		F2657FAD2B1491EB00CDEEF3 /* Main.storyboard */ = {
			isa = PBXVariantGroup;
			children = (
				F2657FAE2B1491EB00CDEEF3 /* Base */,
			);
			name = Main.storyboard;
			sourceTree = "<group>";
		};
		F2657FB22B1491EC00CDEEF3 /* LaunchScreen.storyboard */ = {
			isa = PBXVariantGroup;
			children = (
				F2657FB32B1491EC00CDEEF3 /* Base */,
			);
			name = LaunchScreen.storyboard;
			sourceTree = "<group>";
		};
/* End PBXVariantGroup section */

/* Begin XCBuildConfiguration section */
		F2657FB62B1491EC00CDEEF3 /* Debug */ = {
			isa = XCBuildConfiguration;
			buildSettings = {
				ALWAYS_SEARCH_USER_PATHS = NO;
				ASSETCATALOG_COMPILER_GENERATE_SWIFT_ASSET_SYMBOL_EXTENSIONS = YES;
				CLANG_ANALYZER_NONNULL = YES;
				CLANG_ANALYZER_NUMBER_OBJECT_CONVERSION = YES_AGGRESSIVE;
				CLANG_CXX_LANGUAGE_STANDARD = "gnu++20";
				CLANG_ENABLE_MODULES = YES;
				CLANG_ENABLE_OBJC_ARC = YES;
				CLANG_ENABLE_OBJC_WEAK = YES;
				CLANG_WARN_BLOCK_CAPTURE_AUTORELEASING = YES;
				CLANG_WARN_BOOL_CONVERSION = YES;
				CLANG_WARN_COMMA = YES;
				CLANG_WARN_CONSTANT_CONVERSION = YES;
				CLANG_WARN_DEPRECATED_OBJC_IMPLEMENTATIONS = YES;
				CLANG_WARN_DIRECT_OBJC_ISA_USAGE = YES_ERROR;
				CLANG_WARN_DOCUMENTATION_COMMENTS = YES;
				CLANG_WARN_EMPTY_BODY = YES;
				CLANG_WARN_ENUM_CONVERSION = YES;
				CLANG_WARN_INFINITE_RECURSION = YES;
				CLANG_WARN_INT_CONVERSION = YES;
				CLANG_WARN_NON_LITERAL_NULL_CONVERSION = YES;
				CLANG_WARN_OBJC_IMPLICIT_RETAIN_SELF = YES;
				CLANG_WARN_OBJC_LITERAL_CONVERSION = YES;
				CLANG_WARN_OBJC_ROOT_CLASS = YES_ERROR;
				CLANG_WARN_QUOTED_INCLUDE_IN_FRAMEWORK_HEADER = YES;
				CLANG_WARN_RANGE_LOOP_ANALYSIS = YES;
				CLANG_WARN_STRICT_PROTOTYPES = YES;
				CLANG_WARN_SUSPICIOUS_MOVE = YES;
				CLANG_WARN_UNGUARDED_AVAILABILITY = YES_AGGRESSIVE;
				CLANG_WARN_UNREACHABLE_CODE = YES;
				CLANG_WARN__DUPLICATE_METHOD_MATCH = YES;
				COPY_PHASE_STRIP = NO;
				DEBUG_INFORMATION_FORMAT = dwarf;
				ENABLE_STRICT_OBJC_MSGSEND = YES;
				ENABLE_TESTABILITY = YES;
				ENABLE_USER_SCRIPT_SANDBOXING = YES;
				GCC_C_LANGUAGE_STANDARD = gnu17;
				GCC_DYNAMIC_NO_PIC = NO;
				GCC_NO_COMMON_BLOCKS = YES;
				GCC_OPTIMIZATION_LEVEL = 0;
				GCC_PREPROCESSOR_DEFINITIONS = (
					"DEBUG=1",
					"$(inherited)",
				);
				GCC_WARN_64_TO_32_BIT_CONVERSION = YES;
				GCC_WARN_ABOUT_RETURN_TYPE = YES_ERROR;
				GCC_WARN_UNDECLARED_SELECTOR = YES;
				GCC_WARN_UNINITIALIZED_AUTOS = YES_AGGRESSIVE;
				GCC_WARN_UNUSED_FUNCTION = YES;
				GCC_WARN_UNUSED_VARIABLE = YES;
				IPHONEOS_DEPLOYMENT_TARGET = 17.0;
				LOCALIZATION_PREFERS_STRING_CATALOGS = YES;
				MTL_ENABLE_DEBUG_INFO = INCLUDE_SOURCE;
				MTL_FAST_MATH = YES;
				ONLY_ACTIVE_ARCH = YES;
				SDKROOT = iphoneos;
				SWIFT_ACTIVE_COMPILATION_CONDITIONS = "DEBUG $(inherited)";
				SWIFT_OPTIMIZATION_LEVEL = "-Onone";
			};
			name = Debug;
		};
		F2657FB72B1491EC00CDEEF3 /* Release */ = {
			isa = XCBuildConfiguration;
			buildSettings = {
				ALWAYS_SEARCH_USER_PATHS = NO;
				ASSETCATALOG_COMPILER_GENERATE_SWIFT_ASSET_SYMBOL_EXTENSIONS = YES;
				CLANG_ANALYZER_NONNULL = YES;
				CLANG_ANALYZER_NUMBER_OBJECT_CONVERSION = YES_AGGRESSIVE;
				CLANG_CXX_LANGUAGE_STANDARD = "gnu++20";
				CLANG_ENABLE_MODULES = YES;
				CLANG_ENABLE_OBJC_ARC = YES;
				CLANG_ENABLE_OBJC_WEAK = YES;
				CLANG_WARN_BLOCK_CAPTURE_AUTORELEASING = YES;
				CLANG_WARN_BOOL_CONVERSION = YES;
				CLANG_WARN_COMMA = YES;
				CLANG_WARN_CONSTANT_CONVERSION = YES;
				CLANG_WARN_DEPRECATED_OBJC_IMPLEMENTATIONS = YES;
				CLANG_WARN_DIRECT_OBJC_ISA_USAGE = YES_ERROR;
				CLANG_WARN_DOCUMENTATION_COMMENTS = YES;
				CLANG_WARN_EMPTY_BODY = YES;
				CLANG_WARN_ENUM_CONVERSION = YES;
				CLANG_WARN_INFINITE_RECURSION = YES;
				CLANG_WARN_INT_CONVERSION = YES;
				CLANG_WARN_NON_LITERAL_NULL_CONVERSION = YES;
				CLANG_WARN_OBJC_IMPLICIT_RETAIN_SELF = YES;
				CLANG_WARN_OBJC_LITERAL_CONVERSION = YES;
				CLANG_WARN_OBJC_ROOT_CLASS = YES_ERROR;
				CLANG_WARN_QUOTED_INCLUDE_IN_FRAMEWORK_HEADER = YES;
				CLANG_WARN_RANGE_LOOP_ANALYSIS = YES;
				CLANG_WARN_STRICT_PROTOTYPES = YES;
				CLANG_WARN_SUSPICIOUS_MOVE = YES;
				CLANG_WARN_UNGUARDED_AVAILABILITY = YES_AGGRESSIVE;
				CLANG_WARN_UNREACHABLE_CODE = YES;
				CLANG_WARN__DUPLICATE_METHOD_MATCH = YES;
				COPY_PHASE_STRIP = NO;
				DEBUG_INFORMATION_FORMAT = "dwarf-with-dsym";
				ENABLE_NS_ASSERTIONS = NO;
				ENABLE_STRICT_OBJC_MSGSEND = YES;
				ENABLE_USER_SCRIPT_SANDBOXING = YES;
				GCC_C_LANGUAGE_STANDARD = gnu17;
				GCC_NO_COMMON_BLOCKS = YES;
				GCC_WARN_64_TO_32_BIT_CONVERSION = YES;
				GCC_WARN_ABOUT_RETURN_TYPE = YES_ERROR;
				GCC_WARN_UNDECLARED_SELECTOR = YES;
				GCC_WARN_UNINITIALIZED_AUTOS = YES_AGGRESSIVE;
				GCC_WARN_UNUSED_FUNCTION = YES;
				GCC_WARN_UNUSED_VARIABLE = YES;
				IPHONEOS_DEPLOYMENT_TARGET = 17.0;
				LOCALIZATION_PREFERS_STRING_CATALOGS = YES;
				MTL_ENABLE_DEBUG_INFO = NO;
				MTL_FAST_MATH = YES;
				SDKROOT = iphoneos;
				SWIFT_COMPILATION_MODE = wholemodule;
				VALIDATE_PRODUCT = YES;
			};
			name = Release;
		};
		F2657FB92B1491EC00CDEEF3 /* Debug */ = {
			isa = XCBuildConfiguration;
			baseConfigurationReference = A78F62084F2DD30094DFCADF /* Pods-GenralProject.debug.xcconfig */;
			buildSettings = {
				ASSETCATALOG_COMPILER_APPICON_NAME = AppIcon;
				ASSETCATALOG_COMPILER_GLOBAL_ACCENT_COLOR_NAME = AccentColor;
				CODE_SIGN_STYLE = Automatic;
				CURRENT_PROJECT_VERSION = 1;
				DEVELOPMENT_TEAM = S2V6TCQFA2;
				ENABLE_USER_SCRIPT_SANDBOXING = NO;
				GENERATE_INFOPLIST_FILE = YES;
				INFOPLIST_FILE = GenralProject/Info.plist;
				INFOPLIST_KEY_UIApplicationSupportsIndirectInputEvents = YES;
				INFOPLIST_KEY_UILaunchStoryboardName = LaunchScreen;
				INFOPLIST_KEY_UIMainStoryboardFile = Main;
				INFOPLIST_KEY_UISupportedInterfaceOrientations_iPad = "UIInterfaceOrientationPortrait UIInterfaceOrientationPortraitUpsideDown UIInterfaceOrientationLandscapeLeft UIInterfaceOrientationLandscapeRight";
				INFOPLIST_KEY_UISupportedInterfaceOrientations_iPhone = "UIInterfaceOrientationPortrait UIInterfaceOrientationLandscapeLeft UIInterfaceOrientationLandscapeRight";
				IPHONEOS_DEPLOYMENT_TARGET = 12.0;
				LD_RUNPATH_SEARCH_PATHS = (
					"$(inherited)",
					"@executable_path/Frameworks",
				);
				MARKETING_VERSION = 1.0;
				PRODUCT_BUNDLE_IDENTIFIER = com.devsonics.GenralProject;
				PRODUCT_NAME = "$(TARGET_NAME)";
				SWIFT_EMIT_LOC_STRINGS = YES;
				SWIFT_VERSION = 5.0;
				TARGETED_DEVICE_FAMILY = "1,2";
			};
			name = Debug;
		};
		F2657FBA2B1491EC00CDEEF3 /* Release */ = {
			isa = XCBuildConfiguration;
			baseConfigurationReference = 23B171179BF8CD92A745F0DC /* Pods-GenralProject.release.xcconfig */;
			buildSettings = {
				ASSETCATALOG_COMPILER_APPICON_NAME = AppIcon;
				ASSETCATALOG_COMPILER_GLOBAL_ACCENT_COLOR_NAME = AccentColor;
				CODE_SIGN_STYLE = Automatic;
				CURRENT_PROJECT_VERSION = 1;
				DEVELOPMENT_TEAM = S2V6TCQFA2;
				ENABLE_USER_SCRIPT_SANDBOXING = NO;
				GENERATE_INFOPLIST_FILE = YES;
				INFOPLIST_FILE = GenralProject/Info.plist;
				INFOPLIST_KEY_UIApplicationSupportsIndirectInputEvents = YES;
				INFOPLIST_KEY_UILaunchStoryboardName = LaunchScreen;
				INFOPLIST_KEY_UIMainStoryboardFile = Main;
				INFOPLIST_KEY_UISupportedInterfaceOrientations_iPad = "UIInterfaceOrientationPortrait UIInterfaceOrientationPortraitUpsideDown UIInterfaceOrientationLandscapeLeft UIInterfaceOrientationLandscapeRight";
				INFOPLIST_KEY_UISupportedInterfaceOrientations_iPhone = "UIInterfaceOrientationPortrait UIInterfaceOrientationLandscapeLeft UIInterfaceOrientationLandscapeRight";
				IPHONEOS_DEPLOYMENT_TARGET = 12.0;
				LD_RUNPATH_SEARCH_PATHS = (
					"$(inherited)",
					"@executable_path/Frameworks",
				);
				MARKETING_VERSION = 1.0;
				PRODUCT_BUNDLE_IDENTIFIER = com.devsonics.GenralProject;
				PRODUCT_NAME = "$(TARGET_NAME)";
				SWIFT_EMIT_LOC_STRINGS = YES;
				SWIFT_VERSION = 5.0;
				TARGETED_DEVICE_FAMILY = "1,2";
			};
			name = Release;
		};
/* End XCBuildConfiguration section */

/* Begin XCConfigurationList section */
		F2657F9F2B1491EB00CDEEF3 /* Build configuration list for PBXProject "GenralProject" */ = {
			isa = XCConfigurationList;
			buildConfigurations = (
				F2657FB62B1491EC00CDEEF3 /* Debug */,
				F2657FB72B1491EC00CDEEF3 /* Release */,
			);
			defaultConfigurationIsVisible = 0;
			defaultConfigurationName = Release;
		};
		F2657FB82B1491EC00CDEEF3 /* Build configuration list for PBXNativeTarget "GenralProject" */ = {
			isa = XCConfigurationList;
			buildConfigurations = (
				F2657FB92B1491EC00CDEEF3 /* Debug */,
				F2657FBA2B1491EC00CDEEF3 /* Release */,
			);
			defaultConfigurationIsVisible = 0;
			defaultConfigurationName = Release;
		};
/* End XCConfigurationList section */
	};
	rootObject = F2657F9C2B1491EB00CDEEF3 /* Project object */;
}
