// !$*UTF8*$!
{
	archiveVersion = 1;
	classes = {
	};
	objectVersion = 56;
	objects = {

/* Begin PBXBuildFile section */
		12B4598C18C94DA0C73F4C85 /* Pods_ClientPortal.framework in Frameworks */ = {isa = PBXBuildFile; fileRef = BF01AB1363AE23927A769A3A /* Pods_ClientPortal.framework */; };
		C514D9B02B1F10C200BD405A /* LoginModel.swift in Sources */ = {isa = PBXBuildFile; fileRef = C514D9AF2B1F10C200BD405A /* LoginModel.swift */; };
		C514D9B22B1F150800BD405A /* ProfileRespose.swift in Sources */ = {isa = PBXBuildFile; fileRef = C514D9B12B1F150800BD405A /* ProfileRespose.swift */; };
		C514D9B42B1F19A300BD405A /* BannerResponse.swift in Sources */ = {isa = PBXBuildFile; fileRef = C514D9B32B1F19A300BD405A /* BannerResponse.swift */; };
		C514D9B62B1F1C6500BD405A /* ImageUtils.swift in Sources */ = {isa = PBXBuildFile; fileRef = C514D9B52B1F1C6500BD405A /* ImageUtils.swift */; };
		C514D9B92B1F1DD500BD405A /* Kingfisher in Frameworks */ = {isa = PBXBuildFile; productRef = C514D9B82B1F1DD500BD405A /* Kingfisher */; };
		C514D9BB2B1F2F2F00BD405A /* AccountsResponse.swift in Sources */ = {isa = PBXBuildFile; fileRef = C514D9BA2B1F2F2F00BD405A /* AccountsResponse.swift */; };
		C54402232B175367008209DD /* WireTransferDetailsVC.swift in Sources */ = {isa = PBXBuildFile; fileRef = C54402222B175367008209DD /* WireTransferDetailsVC.swift */; };
		C54402252B175A3D008209DD /* InstantTransferVC.swift in Sources */ = {isa = PBXBuildFile; fileRef = C54402242B175A3D008209DD /* InstantTransferVC.swift */; };
		C54402272B175C03008209DD /* PerfectMoneyVC.swift in Sources */ = {isa = PBXBuildFile; fileRef = C54402262B175C03008209DD /* PerfectMoneyVC.swift */; };
		C54402292B175C2A008209DD /* StickSkrillVC.swift in Sources */ = {isa = PBXBuildFile; fileRef = C54402282B175C2A008209DD /* StickSkrillVC.swift */; };
		C55F0E382B186800004EE83E /* MenuPlateformVC.swift in Sources */ = {isa = PBXBuildFile; fileRef = C55F0E372B186800004EE83E /* MenuPlateformVC.swift */; };
		C55F0E3B2B18687D004EE83E /* PlateformCVC.swift in Sources */ = {isa = PBXBuildFile; fileRef = C55F0E392B18687D004EE83E /* PlateformCVC.swift */; };
		C55F0E3C2B18687D004EE83E /* PlateformCVC.xib in Resources */ = {isa = PBXBuildFile; fileRef = C55F0E3A2B18687D004EE83E /* PlateformCVC.xib */; };
		C55F0E3E2B187756004EE83E /* BankAccountsVC.swift in Sources */ = {isa = PBXBuildFile; fileRef = C55F0E3D2B187756004EE83E /* BankAccountsVC.swift */; };
		C55F0E412B18785A004EE83E /* BanksCVC.swift in Sources */ = {isa = PBXBuildFile; fileRef = C55F0E3F2B18785A004EE83E /* BanksCVC.swift */; };
		C55F0E422B18785A004EE83E /* BanksCVC.xib in Resources */ = {isa = PBXBuildFile; fileRef = C55F0E402B18785A004EE83E /* BanksCVC.xib */; };
		C55F0E442B187EF7004EE83E /* WalletsVC.swift in Sources */ = {isa = PBXBuildFile; fileRef = C55F0E432B187EF7004EE83E /* WalletsVC.swift */; };
		C55F0E462B188403004EE83E /* ReportsVC.swift in Sources */ = {isa = PBXBuildFile; fileRef = C55F0E452B188403004EE83E /* ReportsVC.swift */; };
		C55F0E492B1885BC004EE83E /* ReportsCVC.swift in Sources */ = {isa = PBXBuildFile; fileRef = C55F0E472B1885BC004EE83E /* ReportsCVC.swift */; };
		C55F0E4A2B1885BC004EE83E /* ReportsCVC.xib in Resources */ = {isa = PBXBuildFile; fileRef = C55F0E482B1885BC004EE83E /* ReportsCVC.xib */; };
		C55F0E4E2B18B291004EE83E /* TradeDetailsVC.swift in Sources */ = {isa = PBXBuildFile; fileRef = C55F0E4D2B18B291004EE83E /* TradeDetailsVC.swift */; };
		C55F0E502B18B6C5004EE83E /* UserLogsVC.swift in Sources */ = {isa = PBXBuildFile; fileRef = C55F0E4F2B18B6C5004EE83E /* UserLogsVC.swift */; };
		C55F0E532B18B774004EE83E /* LogsCVC.swift in Sources */ = {isa = PBXBuildFile; fileRef = C55F0E512B18B774004EE83E /* LogsCVC.swift */; };
		C55F0E542B18B774004EE83E /* LogsCVC.xib in Resources */ = {isa = PBXBuildFile; fileRef = C55F0E522B18B774004EE83E /* LogsCVC.xib */; };
		C55F0E562B18C021004EE83E /* UserDocsVC.swift in Sources */ = {isa = PBXBuildFile; fileRef = C55F0E552B18C021004EE83E /* UserDocsVC.swift */; };
		C55F0E582B18C394004EE83E /* TrainingDetailsVC.swift in Sources */ = {isa = PBXBuildFile; fileRef = C55F0E572B18C394004EE83E /* TrainingDetailsVC.swift */; };
		C55F0E5B2B18C4AA004EE83E /* TrainingCVC.swift in Sources */ = {isa = PBXBuildFile; fileRef = C55F0E592B18C4AA004EE83E /* TrainingCVC.swift */; };
		C55F0E5C2B18C4AA004EE83E /* TrainingCVC.xib in Resources */ = {isa = PBXBuildFile; fileRef = C55F0E5A2B18C4AA004EE83E /* TrainingCVC.xib */; };
		C55F0E5E2B18CEEE004EE83E /* SupportVC.swift in Sources */ = {isa = PBXBuildFile; fileRef = C55F0E5D2B18CEEE004EE83E /* SupportVC.swift */; };
		C55F0E622B18D276004EE83E /* MyChatTVC.swift in Sources */ = {isa = PBXBuildFile; fileRef = C55F0E602B18D276004EE83E /* MyChatTVC.swift */; };
		C55F0E632B18D276004EE83E /* MyChatTVC.xib in Resources */ = {isa = PBXBuildFile; fileRef = C55F0E612B18D276004EE83E /* MyChatTVC.xib */; };
		C55F0E662B18D287004EE83E /* OtherChatTVC.swift in Sources */ = {isa = PBXBuildFile; fileRef = C55F0E642B18D287004EE83E /* OtherChatTVC.swift */; };
		C55F0E672B18D287004EE83E /* OtherChatTVC.xib in Resources */ = {isa = PBXBuildFile; fileRef = C55F0E652B18D287004EE83E /* OtherChatTVC.xib */; };
		C58305D42B17194A0084AD07 /* ProfileVC.swift in Sources */ = {isa = PBXBuildFile; fileRef = C58305D32B17194A0084AD07 /* ProfileVC.swift */; };
		C58305D62B1726EB0084AD07 /* ForgetPassVC.swift in Sources */ = {isa = PBXBuildFile; fileRef = C58305D52B1726EB0084AD07 /* ForgetPassVC.swift */; };
		C58305D92B1729A20084AD07 /* Deposit.storyboard in Resources */ = {isa = PBXBuildFile; fileRef = C58305D82B1729A20084AD07 /* Deposit.storyboard */; };
		C58305DC2B172F9B0084AD07 /* DepositVC.swift in Sources */ = {isa = PBXBuildFile; fileRef = C58305DB2B172F9B0084AD07 /* DepositVC.swift */; };
		C58305DF2B1735680084AD07 /* TransferTVC.swift in Sources */ = {isa = PBXBuildFile; fileRef = C58305DD2B1735680084AD07 /* TransferTVC.swift */; };
		C58305E02B1735680084AD07 /* TransferTVC.xib in Resources */ = {isa = PBXBuildFile; fileRef = C58305DE2B1735680084AD07 /* TransferTVC.xib */; };
		C58305E22B17396B0084AD07 /* CryptoWireVC.swift in Sources */ = {isa = PBXBuildFile; fileRef = C58305E12B17396B0084AD07 /* CryptoWireVC.swift */; };
		C58305E42B174E1A0084AD07 /* CryptoDetailsVC.swift in Sources */ = {isa = PBXBuildFile; fileRef = C58305E32B174E1A0084AD07 /* CryptoDetailsVC.swift */; };
		C58E8B172B1764E100E7F3D3 /* WalletCVC.swift in Sources */ = {isa = PBXBuildFile; fileRef = C58E8B152B1764E100E7F3D3 /* WalletCVC.swift */; };
		C58E8B182B1764E100E7F3D3 /* WalletCVC.xib in Resources */ = {isa = PBXBuildFile; fileRef = C58E8B162B1764E100E7F3D3 /* WalletCVC.xib */; };
		C58E8B1A2B1770FE00E7F3D3 /* MenuVC.swift in Sources */ = {isa = PBXBuildFile; fileRef = C58E8B192B1770FE00E7F3D3 /* MenuVC.swift */; };
		C58E8B1C2B1775A000E7F3D3 /* Menu.storyboard in Resources */ = {isa = PBXBuildFile; fileRef = C58E8B1B2B1775A000E7F3D3 /* Menu.storyboard */; };
		C58E8B212B17781000E7F3D3 /* MenuAccountsVC.swift in Sources */ = {isa = PBXBuildFile; fileRef = C58E8B202B17781000E7F3D3 /* MenuAccountsVC.swift */; };
		C58E8B232B17793400E7F3D3 /* MenuTransactionVC.swift in Sources */ = {isa = PBXBuildFile; fileRef = C58E8B222B17793400E7F3D3 /* MenuTransactionVC.swift */; };
		C58E8B252B1779E300E7F3D3 /* MenuTrainingVC.swift in Sources */ = {isa = PBXBuildFile; fileRef = C58E8B242B1779E300E7F3D3 /* MenuTrainingVC.swift */; };
		C58E8B272B177A2700E7F3D3 /* MenuProfileVC.swift in Sources */ = {isa = PBXBuildFile; fileRef = C58E8B262B177A2700E7F3D3 /* MenuProfileVC.swift */; };
		C58E8B292B177D6A00E7F3D3 /* TradeMTView.xib in Resources */ = {isa = PBXBuildFile; fileRef = C58E8B282B177D6A00E7F3D3 /* TradeMTView.xib */; };
		C58E8B2B2B177D7300E7F3D3 /* TradeMTView.swift in Sources */ = {isa = PBXBuildFile; fileRef = C58E8B2A2B177D7300E7F3D3 /* TradeMTView.swift */; };
		C58E8B2D2B1782BB00E7F3D3 /* MenuTardesVC.swift in Sources */ = {isa = PBXBuildFile; fileRef = C58E8B2C2B1782BB00E7F3D3 /* MenuTardesVC.swift */; };
		C58E8B302B1783DC00E7F3D3 /* TradesCVC.swift in Sources */ = {isa = PBXBuildFile; fileRef = C58E8B2E2B1783DB00E7F3D3 /* TradesCVC.swift */; };
		C58E8B312B1783DC00E7F3D3 /* TradesCVC.xib in Resources */ = {isa = PBXBuildFile; fileRef = C58E8B2F2B1783DC00E7F3D3 /* TradesCVC.xib */; };
		C5C207272B1621B300AF337A /* ChangePasswordVC.swift in Sources */ = {isa = PBXBuildFile; fileRef = C5C207262B1621B300AF337A /* ChangePasswordVC.swift */; };
		C5C207292B162DF100AF337A /* InternalTabsVC.swift in Sources */ = {isa = PBXBuildFile; fileRef = C5C207282B162DF100AF337A /* InternalTabsVC.swift */; };
		C5FF1CA62B15C574000CFA0F /* SigninVC.swift in Sources */ = {isa = PBXBuildFile; fileRef = C5FF1CA52B15C574000CFA0F /* SigninVC.swift */; };
		C5FF1CA82B15C5A7000CFA0F /* Enum.swift in Sources */ = {isa = PBXBuildFile; fileRef = C5FF1CA72B15C5A7000CFA0F /* Enum.swift */; };
		C5FF1CAC2B15C7B0000CFA0F /* UITextFieldX.swift in Sources */ = {isa = PBXBuildFile; fileRef = C5FF1CA92B15C7AF000CFA0F /* UITextFieldX.swift */; };
		C5FF1CAD2B15C7B0000CFA0F /* UIButtonX.swift in Sources */ = {isa = PBXBuildFile; fileRef = C5FF1CAA2B15C7AF000CFA0F /* UIButtonX.swift */; };
		C5FF1CAE2B15C7B0000CFA0F /* UIViewX.swift in Sources */ = {isa = PBXBuildFile; fileRef = C5FF1CAB2B15C7B0000CFA0F /* UIViewX.swift */; };
		C5FF1CB62B15DDC6000CFA0F /* OfferCVC.swift in Sources */ = {isa = PBXBuildFile; fileRef = C5FF1CB42B15DDC6000CFA0F /* OfferCVC.swift */; };
		C5FF1CB72B15DDC6000CFA0F /* OfferCVC.xib in Resources */ = {isa = PBXBuildFile; fileRef = C5FF1CB52B15DDC6000CFA0F /* OfferCVC.xib */; };
		C5FF1CB92B15FB35000CFA0F /* DashboradTVHeader.swift in Sources */ = {isa = PBXBuildFile; fileRef = C5FF1CB82B15FB35000CFA0F /* DashboradTVHeader.swift */; };
		C5FF1CBB2B15FB3F000CFA0F /* DashboradTVHeader.xib in Resources */ = {isa = PBXBuildFile; fileRef = C5FF1CBA2B15FB3F000CFA0F /* DashboradTVHeader.xib */; };
		C5FF1CBE2B15FFA3000CFA0F /* DashboardTVC.swift in Sources */ = {isa = PBXBuildFile; fileRef = C5FF1CBC2B15FFA3000CFA0F /* DashboardTVC.swift */; };
		C5FF1CBF2B15FFA3000CFA0F /* DashboardTVC.xib in Resources */ = {isa = PBXBuildFile; fileRef = C5FF1CBD2B15FFA3000CFA0F /* DashboardTVC.xib */; };
		C5FF1CC12B160E09000CFA0F /* AccountsVC.swift in Sources */ = {isa = PBXBuildFile; fileRef = C5FF1CC02B160E09000CFA0F /* AccountsVC.swift */; };
		C5FF1CC42B160EFC000CFA0F /* AccountsCVC.swift in Sources */ = {isa = PBXBuildFile; fileRef = C5FF1CC22B160EFC000CFA0F /* AccountsCVC.swift */; };
		C5FF1CC52B160EFC000CFA0F /* AccountsCVC.xib in Resources */ = {isa = PBXBuildFile; fileRef = C5FF1CC32B160EFC000CFA0F /* AccountsCVC.xib */; };
		F253EE522B14AFB8006E72B7 /* CBSampleViewController.swift in Sources */ = {isa = PBXBuildFile; fileRef = F253EE512B14AFB8006E72B7 /* CBSampleViewController.swift */; };
		F253EE542B14B035006E72B7 /* SampleTabItem.swift in Sources */ = {isa = PBXBuildFile; fileRef = F253EE532B14B035006E72B7 /* SampleTabItem.swift */; };
		F253EE562B14BF71006E72B7 /* DashboardViewController.swift in Sources */ = {isa = PBXBuildFile; fileRef = F253EE552B14BF71006E72B7 /* DashboardViewController.swift */; };
		F253EE582B14BF95006E72B7 /* TranscationViewController.swift in Sources */ = {isa = PBXBuildFile; fileRef = F253EE572B14BF95006E72B7 /* TranscationViewController.swift */; };
		F2657FA82B1491EB00CDEEF3 /* AppDelegate.swift in Sources */ = {isa = PBXBuildFile; fileRef = F2657FA72B1491EB00CDEEF3 /* AppDelegate.swift */; };
		F2657FAA2B1491EB00CDEEF3 /* SceneDelegate.swift in Sources */ = {isa = PBXBuildFile; fileRef = F2657FA92B1491EB00CDEEF3 /* SceneDelegate.swift */; };
		F2657FAC2B1491EB00CDEEF3 /* ViewController.swift in Sources */ = {isa = PBXBuildFile; fileRef = F2657FAB2B1491EB00CDEEF3 /* ViewController.swift */; };
		F2657FAF2B1491EB00CDEEF3 /* Main.storyboard in Resources */ = {isa = PBXBuildFile; fileRef = F2657FAD2B1491EB00CDEEF3 /* Main.storyboard */; };
		F2657FB12B1491EC00CDEEF3 /* Assets.xcassets in Resources */ = {isa = PBXBuildFile; fileRef = F2657FB02B1491EC00CDEEF3 /* Assets.xcassets */; };
		F2657FB42B1491EC00CDEEF3 /* LaunchScreen.storyboard in Resources */ = {isa = PBXBuildFile; fileRef = F2657FB22B1491EC00CDEEF3 /* LaunchScreen.storyboard */; };
		F2B384012B14959500F4FB60 /* ApiConstants.swift in Sources */ = {isa = PBXBuildFile; fileRef = F2B384002B14959500F4FB60 /* ApiConstants.swift */; };
		F2B384032B1495BC00F4FB60 /* ApiManager.swift in Sources */ = {isa = PBXBuildFile; fileRef = F2B384022B1495BC00F4FB60 /* ApiManager.swift */; };
		F2B384052B1495D500F4FB60 /* ApiRoutes.swift in Sources */ = {isa = PBXBuildFile; fileRef = F2B384042B1495D500F4FB60 /* ApiRoutes.swift */; };
		F2B384072B1495E600F4FB60 /* NetworkClient.swift in Sources */ = {isa = PBXBuildFile; fileRef = F2B384062B1495E600F4FB60 /* NetworkClient.swift */; };
		F2B384092B1495FF00F4FB60 /* API.swift in Sources */ = {isa = PBXBuildFile; fileRef = F2B384082B1495FF00F4FB60 /* API.swift */; };
		F2B3840D2B14966B00F4FB60 /* Global.swift in Sources */ = {isa = PBXBuildFile; fileRef = F2B3840C2B14966B00F4FB60 /* Global.swift */; };
		F2B3840F2B14968400F4FB60 /* Extension.swift in Sources */ = {isa = PBXBuildFile; fileRef = F2B3840E2B14968400F4FB60 /* Extension.swift */; };
		F2B384132B14973A00F4FB60 /* LoadingViewNib.swift in Sources */ = {isa = PBXBuildFile; fileRef = F2B384122B14973200F4FB60 /* LoadingViewNib.swift */; };
		F2B384142B14973E00F4FB60 /* LoadingViewNib.xib in Resources */ = {isa = PBXBuildFile; fileRef = F2B384112B14973200F4FB60 /* LoadingViewNib.xib */; };
/* End PBXBuildFile section */

/* Begin PBXFileReference section */
		23B171179BF8CD92A745F0DC /* Pods-GenralProject.release.xcconfig */ = {isa = PBXFileReference; includeInIndex = 1; lastKnownFileType = text.xcconfig; name = "Pods-GenralProject.release.xcconfig"; path = "Target Support Files/Pods-GenralProject/Pods-GenralProject.release.xcconfig"; sourceTree = "<group>"; };
		8719C42E7F2DE68B6C643F8B /* Pods-ClientPortal.release.xcconfig */ = {isa = PBXFileReference; includeInIndex = 1; lastKnownFileType = text.xcconfig; name = "Pods-ClientPortal.release.xcconfig"; path = "Target Support Files/Pods-ClientPortal/Pods-ClientPortal.release.xcconfig"; sourceTree = "<group>"; };
		A78F62084F2DD30094DFCADF /* Pods-GenralProject.debug.xcconfig */ = {isa = PBXFileReference; includeInIndex = 1; lastKnownFileType = text.xcconfig; name = "Pods-GenralProject.debug.xcconfig"; path = "Target Support Files/Pods-GenralProject/Pods-GenralProject.debug.xcconfig"; sourceTree = "<group>"; };
		BF01AB1363AE23927A769A3A /* Pods_ClientPortal.framework */ = {isa = PBXFileReference; explicitFileType = wrapper.framework; includeInIndex = 0; path = Pods_ClientPortal.framework; sourceTree = BUILT_PRODUCTS_DIR; };
		C514D9AF2B1F10C200BD405A /* LoginModel.swift */ = {isa = PBXFileReference; lastKnownFileType = sourcecode.swift; name = LoginModel.swift; path = ClientPortal/MVVM/View/Cells/Chat/LoginModel.swift; sourceTree = SOURCE_ROOT; };
		C514D9B12B1F150800BD405A /* ProfileRespose.swift */ = {isa = PBXFileReference; lastKnownFileType = sourcecode.swift; name = ProfileRespose.swift; path = ClientPortal/MVVM/View/Cells/Chat/ProfileRespose.swift; sourceTree = SOURCE_ROOT; };
		C514D9B32B1F19A300BD405A /* BannerResponse.swift */ = {isa = PBXFileReference; lastKnownFileType = sourcecode.swift; name = BannerResponse.swift; path = ClientPortal/MVVM/View/Cells/Chat/BannerResponse.swift; sourceTree = SOURCE_ROOT; };
		C514D9B52B1F1C6500BD405A /* ImageUtils.swift */ = {isa = PBXFileReference; lastKnownFileType = sourcecode.swift; path = ImageUtils.swift; sourceTree = "<group>"; };
		C514D9BA2B1F2F2F00BD405A /* AccountsResponse.swift */ = {isa = PBXFileReference; lastKnownFileType = sourcecode.swift; name = AccountsResponse.swift; path = ClientPortal/Misc/Utlis/AccountsResponse.swift; sourceTree = SOURCE_ROOT; };
		C54402222B175367008209DD /* WireTransferDetailsVC.swift */ = {isa = PBXFileReference; lastKnownFileType = sourcecode.swift; path = WireTransferDetailsVC.swift; sourceTree = "<group>"; };
		C54402242B175A3D008209DD /* InstantTransferVC.swift */ = {isa = PBXFileReference; lastKnownFileType = sourcecode.swift; path = InstantTransferVC.swift; sourceTree = "<group>"; };
		C54402262B175C03008209DD /* PerfectMoneyVC.swift */ = {isa = PBXFileReference; lastKnownFileType = sourcecode.swift; path = PerfectMoneyVC.swift; sourceTree = "<group>"; };
		C54402282B175C2A008209DD /* StickSkrillVC.swift */ = {isa = PBXFileReference; lastKnownFileType = sourcecode.swift; path = StickSkrillVC.swift; sourceTree = "<group>"; };
		C55F0E372B186800004EE83E /* MenuPlateformVC.swift */ = {isa = PBXFileReference; lastKnownFileType = sourcecode.swift; path = MenuPlateformVC.swift; sourceTree = "<group>"; };
		C55F0E392B18687D004EE83E /* PlateformCVC.swift */ = {isa = PBXFileReference; lastKnownFileType = sourcecode.swift; name = PlateformCVC.swift; path = ClientPortal/MVVM/View/ViewControllers/Menu/PlateformCVC.swift; sourceTree = SOURCE_ROOT; };
		C55F0E3A2B18687D004EE83E /* PlateformCVC.xib */ = {isa = PBXFileReference; lastKnownFileType = file.xib; name = PlateformCVC.xib; path = ClientPortal/MVVM/View/ViewControllers/Menu/PlateformCVC.xib; sourceTree = SOURCE_ROOT; };
		C55F0E3D2B187756004EE83E /* BankAccountsVC.swift */ = {isa = PBXFileReference; lastKnownFileType = sourcecode.swift; path = BankAccountsVC.swift; sourceTree = "<group>"; };
		C55F0E3F2B18785A004EE83E /* BanksCVC.swift */ = {isa = PBXFileReference; lastKnownFileType = sourcecode.swift; name = BanksCVC.swift; path = ClientPortal/MVVM/View/ViewControllers/Menu/BanksCVC.swift; sourceTree = SOURCE_ROOT; };
		C55F0E402B18785A004EE83E /* BanksCVC.xib */ = {isa = PBXFileReference; lastKnownFileType = file.xib; name = BanksCVC.xib; path = ClientPortal/MVVM/View/ViewControllers/Menu/BanksCVC.xib; sourceTree = SOURCE_ROOT; };
		C55F0E432B187EF7004EE83E /* WalletsVC.swift */ = {isa = PBXFileReference; lastKnownFileType = sourcecode.swift; path = WalletsVC.swift; sourceTree = "<group>"; };
		C55F0E452B188403004EE83E /* ReportsVC.swift */ = {isa = PBXFileReference; lastKnownFileType = sourcecode.swift; path = ReportsVC.swift; sourceTree = "<group>"; };
		C55F0E472B1885BC004EE83E /* ReportsCVC.swift */ = {isa = PBXFileReference; lastKnownFileType = sourcecode.swift; name = ReportsCVC.swift; path = ClientPortal/MVVM/View/ViewControllers/Menu/ReportsCVC.swift; sourceTree = SOURCE_ROOT; };
		C55F0E482B1885BC004EE83E /* ReportsCVC.xib */ = {isa = PBXFileReference; lastKnownFileType = file.xib; name = ReportsCVC.xib; path = ClientPortal/MVVM/View/ViewControllers/Menu/ReportsCVC.xib; sourceTree = SOURCE_ROOT; };
		C55F0E4D2B18B291004EE83E /* TradeDetailsVC.swift */ = {isa = PBXFileReference; lastKnownFileType = sourcecode.swift; path = TradeDetailsVC.swift; sourceTree = "<group>"; };
		C55F0E4F2B18B6C5004EE83E /* UserLogsVC.swift */ = {isa = PBXFileReference; lastKnownFileType = sourcecode.swift; path = UserLogsVC.swift; sourceTree = "<group>"; };
		C55F0E512B18B774004EE83E /* LogsCVC.swift */ = {isa = PBXFileReference; lastKnownFileType = sourcecode.swift; name = LogsCVC.swift; path = ClientPortal/MVVM/View/ViewControllers/Menu/LogsCVC.swift; sourceTree = SOURCE_ROOT; };
		C55F0E522B18B774004EE83E /* LogsCVC.xib */ = {isa = PBXFileReference; lastKnownFileType = file.xib; name = LogsCVC.xib; path = ClientPortal/MVVM/View/ViewControllers/Menu/LogsCVC.xib; sourceTree = SOURCE_ROOT; };
		C55F0E552B18C021004EE83E /* UserDocsVC.swift */ = {isa = PBXFileReference; lastKnownFileType = sourcecode.swift; path = UserDocsVC.swift; sourceTree = "<group>"; };
		C55F0E572B18C394004EE83E /* TrainingDetailsVC.swift */ = {isa = PBXFileReference; lastKnownFileType = sourcecode.swift; path = TrainingDetailsVC.swift; sourceTree = "<group>"; };
		C55F0E592B18C4AA004EE83E /* TrainingCVC.swift */ = {isa = PBXFileReference; lastKnownFileType = sourcecode.swift; name = TrainingCVC.swift; path = ClientPortal/MVVM/View/ViewControllers/Menu/TrainingCVC.swift; sourceTree = SOURCE_ROOT; };
		C55F0E5A2B18C4AA004EE83E /* TrainingCVC.xib */ = {isa = PBXFileReference; lastKnownFileType = file.xib; name = TrainingCVC.xib; path = ClientPortal/MVVM/View/ViewControllers/Menu/TrainingCVC.xib; sourceTree = SOURCE_ROOT; };
		C55F0E5D2B18CEEE004EE83E /* SupportVC.swift */ = {isa = PBXFileReference; lastKnownFileType = sourcecode.swift; path = SupportVC.swift; sourceTree = "<group>"; };
		C55F0E602B18D276004EE83E /* MyChatTVC.swift */ = {isa = PBXFileReference; lastKnownFileType = sourcecode.swift; path = MyChatTVC.swift; sourceTree = "<group>"; };
		C55F0E612B18D276004EE83E /* MyChatTVC.xib */ = {isa = PBXFileReference; lastKnownFileType = file.xib; path = MyChatTVC.xib; sourceTree = "<group>"; };
		C55F0E642B18D287004EE83E /* OtherChatTVC.swift */ = {isa = PBXFileReference; lastKnownFileType = sourcecode.swift; path = OtherChatTVC.swift; sourceTree = "<group>"; };
		C55F0E652B18D287004EE83E /* OtherChatTVC.xib */ = {isa = PBXFileReference; lastKnownFileType = file.xib; path = OtherChatTVC.xib; sourceTree = "<group>"; };
		C58305D32B17194A0084AD07 /* ProfileVC.swift */ = {isa = PBXFileReference; lastKnownFileType = sourcecode.swift; path = ProfileVC.swift; sourceTree = "<group>"; };
		C58305D52B1726EB0084AD07 /* ForgetPassVC.swift */ = {isa = PBXFileReference; lastKnownFileType = sourcecode.swift; path = ForgetPassVC.swift; sourceTree = "<group>"; };
		C58305D82B1729A20084AD07 /* Deposit.storyboard */ = {isa = PBXFileReference; lastKnownFileType = file.storyboard; path = Deposit.storyboard; sourceTree = "<group>"; };
		C58305DB2B172F9B0084AD07 /* DepositVC.swift */ = {isa = PBXFileReference; lastKnownFileType = sourcecode.swift; path = DepositVC.swift; sourceTree = "<group>"; };
		C58305DD2B1735680084AD07 /* TransferTVC.swift */ = {isa = PBXFileReference; lastKnownFileType = sourcecode.swift; name = TransferTVC.swift; path = ClientPortal/MVVM/View/ViewControllers/Deposit/TransferTVC.swift; sourceTree = SOURCE_ROOT; };
		C58305DE2B1735680084AD07 /* TransferTVC.xib */ = {isa = PBXFileReference; lastKnownFileType = file.xib; name = TransferTVC.xib; path = ClientPortal/MVVM/View/ViewControllers/Deposit/TransferTVC.xib; sourceTree = SOURCE_ROOT; };
		C58305E12B17396B0084AD07 /* CryptoWireVC.swift */ = {isa = PBXFileReference; lastKnownFileType = sourcecode.swift; path = CryptoWireVC.swift; sourceTree = "<group>"; };
		C58305E32B174E1A0084AD07 /* CryptoDetailsVC.swift */ = {isa = PBXFileReference; lastKnownFileType = sourcecode.swift; path = CryptoDetailsVC.swift; sourceTree = "<group>"; };
		C58E8B152B1764E100E7F3D3 /* WalletCVC.swift */ = {isa = PBXFileReference; lastKnownFileType = sourcecode.swift; name = WalletCVC.swift; path = ClientPortal/MVVM/View/ViewControllers/Deposit/WalletCVC.swift; sourceTree = SOURCE_ROOT; };
		C58E8B162B1764E100E7F3D3 /* WalletCVC.xib */ = {isa = PBXFileReference; lastKnownFileType = file.xib; name = WalletCVC.xib; path = ClientPortal/MVVM/View/ViewControllers/Deposit/WalletCVC.xib; sourceTree = SOURCE_ROOT; };
		C58E8B192B1770FE00E7F3D3 /* MenuVC.swift */ = {isa = PBXFileReference; lastKnownFileType = sourcecode.swift; path = MenuVC.swift; sourceTree = "<group>"; };
		C58E8B1B2B1775A000E7F3D3 /* Menu.storyboard */ = {isa = PBXFileReference; lastKnownFileType = file.storyboard; path = Menu.storyboard; sourceTree = "<group>"; };
		C58E8B202B17781000E7F3D3 /* MenuAccountsVC.swift */ = {isa = PBXFileReference; lastKnownFileType = sourcecode.swift; path = MenuAccountsVC.swift; sourceTree = "<group>"; };
		C58E8B222B17793400E7F3D3 /* MenuTransactionVC.swift */ = {isa = PBXFileReference; lastKnownFileType = sourcecode.swift; path = MenuTransactionVC.swift; sourceTree = "<group>"; };
		C58E8B242B1779E300E7F3D3 /* MenuTrainingVC.swift */ = {isa = PBXFileReference; lastKnownFileType = sourcecode.swift; path = MenuTrainingVC.swift; sourceTree = "<group>"; };
		C58E8B262B177A2700E7F3D3 /* MenuProfileVC.swift */ = {isa = PBXFileReference; lastKnownFileType = sourcecode.swift; path = MenuProfileVC.swift; sourceTree = "<group>"; };
		C58E8B282B177D6A00E7F3D3 /* TradeMTView.xib */ = {isa = PBXFileReference; lastKnownFileType = file.xib; path = TradeMTView.xib; sourceTree = "<group>"; };
		C58E8B2A2B177D7300E7F3D3 /* TradeMTView.swift */ = {isa = PBXFileReference; lastKnownFileType = sourcecode.swift; path = TradeMTView.swift; sourceTree = "<group>"; };
		C58E8B2C2B1782BB00E7F3D3 /* MenuTardesVC.swift */ = {isa = PBXFileReference; lastKnownFileType = sourcecode.swift; path = MenuTardesVC.swift; sourceTree = "<group>"; };
		C58E8B2E2B1783DB00E7F3D3 /* TradesCVC.swift */ = {isa = PBXFileReference; lastKnownFileType = sourcecode.swift; name = TradesCVC.swift; path = ClientPortal/MVVM/View/TradesCVC.swift; sourceTree = SOURCE_ROOT; };
		C58E8B2F2B1783DC00E7F3D3 /* TradesCVC.xib */ = {isa = PBXFileReference; lastKnownFileType = file.xib; name = TradesCVC.xib; path = ClientPortal/MVVM/View/TradesCVC.xib; sourceTree = SOURCE_ROOT; };
		C5C207262B1621B300AF337A /* ChangePasswordVC.swift */ = {isa = PBXFileReference; lastKnownFileType = sourcecode.swift; path = ChangePasswordVC.swift; sourceTree = "<group>"; };
		C5C207282B162DF100AF337A /* InternalTabsVC.swift */ = {isa = PBXFileReference; lastKnownFileType = sourcecode.swift; path = InternalTabsVC.swift; sourceTree = "<group>"; };
		C5FF1CA52B15C574000CFA0F /* SigninVC.swift */ = {isa = PBXFileReference; lastKnownFileType = sourcecode.swift; path = SigninVC.swift; sourceTree = "<group>"; };
		C5FF1CA72B15C5A7000CFA0F /* Enum.swift */ = {isa = PBXFileReference; lastKnownFileType = sourcecode.swift; path = Enum.swift; sourceTree = "<group>"; };
		C5FF1CA92B15C7AF000CFA0F /* UITextFieldX.swift */ = {isa = PBXFileReference; fileEncoding = 4; lastKnownFileType = sourcecode.swift; path = UITextFieldX.swift; sourceTree = "<group>"; };
		C5FF1CAA2B15C7AF000CFA0F /* UIButtonX.swift */ = {isa = PBXFileReference; fileEncoding = 4; lastKnownFileType = sourcecode.swift; path = UIButtonX.swift; sourceTree = "<group>"; };
		C5FF1CAB2B15C7B0000CFA0F /* UIViewX.swift */ = {isa = PBXFileReference; fileEncoding = 4; lastKnownFileType = sourcecode.swift; path = UIViewX.swift; sourceTree = "<group>"; };
		C5FF1CAF2B15C86C000CFA0F /* QuicksandMedium.ttf */ = {isa = PBXFileReference; lastKnownFileType = file; path = QuicksandMedium.ttf; sourceTree = "<group>"; };
		C5FF1CB02B15C86C000CFA0F /* QuicksandLight.ttf */ = {isa = PBXFileReference; lastKnownFileType = file; path = QuicksandLight.ttf; sourceTree = "<group>"; };
		C5FF1CB12B15C86D000CFA0F /* QuicksandBold.ttf */ = {isa = PBXFileReference; lastKnownFileType = file; path = QuicksandBold.ttf; sourceTree = "<group>"; };
		C5FF1CB22B15C86D000CFA0F /* QuicksandRegular.ttf */ = {isa = PBXFileReference; lastKnownFileType = file; path = QuicksandRegular.ttf; sourceTree = "<group>"; };
		C5FF1CB32B15C86D000CFA0F /* QuicksandSemiBold.ttf */ = {isa = PBXFileReference; lastKnownFileType = file; path = QuicksandSemiBold.ttf; sourceTree = "<group>"; };
		C5FF1CB42B15DDC6000CFA0F /* OfferCVC.swift */ = {isa = PBXFileReference; lastKnownFileType = sourcecode.swift; name = OfferCVC.swift; path = ClientPortal/Misc/Utlis/OfferCVC.swift; sourceTree = SOURCE_ROOT; };
		C5FF1CB52B15DDC6000CFA0F /* OfferCVC.xib */ = {isa = PBXFileReference; lastKnownFileType = file.xib; name = OfferCVC.xib; path = ClientPortal/Misc/Utlis/OfferCVC.xib; sourceTree = SOURCE_ROOT; };
		C5FF1CB82B15FB35000CFA0F /* DashboradTVHeader.swift */ = {isa = PBXFileReference; lastKnownFileType = sourcecode.swift; path = DashboradTVHeader.swift; sourceTree = "<group>"; };
		C5FF1CBA2B15FB3F000CFA0F /* DashboradTVHeader.xib */ = {isa = PBXFileReference; lastKnownFileType = file.xib; path = DashboradTVHeader.xib; sourceTree = "<group>"; };
		C5FF1CBC2B15FFA3000CFA0F /* DashboardTVC.swift */ = {isa = PBXFileReference; lastKnownFileType = sourcecode.swift; name = DashboardTVC.swift; path = ClientPortal/MVVM/View/Nibs/DashboardTVC.swift; sourceTree = SOURCE_ROOT; };
		C5FF1CBD2B15FFA3000CFA0F /* DashboardTVC.xib */ = {isa = PBXFileReference; lastKnownFileType = file.xib; name = DashboardTVC.xib; path = ClientPortal/MVVM/View/Nibs/DashboardTVC.xib; sourceTree = SOURCE_ROOT; };
		C5FF1CC02B160E09000CFA0F /* AccountsVC.swift */ = {isa = PBXFileReference; lastKnownFileType = sourcecode.swift; path = AccountsVC.swift; sourceTree = "<group>"; };
		C5FF1CC22B160EFC000CFA0F /* AccountsCVC.swift */ = {isa = PBXFileReference; lastKnownFileType = sourcecode.swift; name = AccountsCVC.swift; path = ClientPortal/MVVM/View/ViewControllers/AccountsCVC.swift; sourceTree = SOURCE_ROOT; };
		C5FF1CC32B160EFC000CFA0F /* AccountsCVC.xib */ = {isa = PBXFileReference; lastKnownFileType = file.xib; name = AccountsCVC.xib; path = ClientPortal/MVVM/View/ViewControllers/AccountsCVC.xib; sourceTree = SOURCE_ROOT; };
		C7138E92B8675F3A401361BB /* Pods-ClientPortal.debug.xcconfig */ = {isa = PBXFileReference; includeInIndex = 1; lastKnownFileType = text.xcconfig; name = "Pods-ClientPortal.debug.xcconfig"; path = "Target Support Files/Pods-ClientPortal/Pods-ClientPortal.debug.xcconfig"; sourceTree = "<group>"; };
		F253EE512B14AFB8006E72B7 /* CBSampleViewController.swift */ = {isa = PBXFileReference; lastKnownFileType = sourcecode.swift; path = CBSampleViewController.swift; sourceTree = "<group>"; };
		F253EE532B14B035006E72B7 /* SampleTabItem.swift */ = {isa = PBXFileReference; lastKnownFileType = sourcecode.swift; path = SampleTabItem.swift; sourceTree = "<group>"; };
		F253EE552B14BF71006E72B7 /* DashboardViewController.swift */ = {isa = PBXFileReference; lastKnownFileType = sourcecode.swift; path = DashboardViewController.swift; sourceTree = "<group>"; };
		F253EE572B14BF95006E72B7 /* TranscationViewController.swift */ = {isa = PBXFileReference; lastKnownFileType = sourcecode.swift; path = TranscationViewController.swift; sourceTree = "<group>"; };
		F2657FA42B1491EB00CDEEF3 /* ClientPortal.app */ = {isa = PBXFileReference; explicitFileType = wrapper.application; includeInIndex = 0; path = ClientPortal.app; sourceTree = BUILT_PRODUCTS_DIR; };
		F2657FA72B1491EB00CDEEF3 /* AppDelegate.swift */ = {isa = PBXFileReference; lastKnownFileType = sourcecode.swift; path = AppDelegate.swift; sourceTree = "<group>"; };
		F2657FA92B1491EB00CDEEF3 /* SceneDelegate.swift */ = {isa = PBXFileReference; lastKnownFileType = sourcecode.swift; path = SceneDelegate.swift; sourceTree = "<group>"; };
		F2657FAB2B1491EB00CDEEF3 /* ViewController.swift */ = {isa = PBXFileReference; lastKnownFileType = sourcecode.swift; path = ViewController.swift; sourceTree = "<group>"; };
		F2657FAE2B1491EB00CDEEF3 /* Base */ = {isa = PBXFileReference; lastKnownFileType = file.storyboard; name = Base; path = Base.lproj/Main.storyboard; sourceTree = "<group>"; };
		F2657FB02B1491EC00CDEEF3 /* Assets.xcassets */ = {isa = PBXFileReference; lastKnownFileType = folder.assetcatalog; path = Assets.xcassets; sourceTree = "<group>"; };
		F2657FB32B1491EC00CDEEF3 /* Base */ = {isa = PBXFileReference; lastKnownFileType = file.storyboard; name = Base; path = Base.lproj/LaunchScreen.storyboard; sourceTree = "<group>"; };
		F2657FB52B1491EC00CDEEF3 /* Info.plist */ = {isa = PBXFileReference; lastKnownFileType = text.plist.xml; path = Info.plist; sourceTree = "<group>"; };
		F2B384002B14959500F4FB60 /* ApiConstants.swift */ = {isa = PBXFileReference; lastKnownFileType = sourcecode.swift; path = ApiConstants.swift; sourceTree = "<group>"; };
		F2B384022B1495BC00F4FB60 /* ApiManager.swift */ = {isa = PBXFileReference; lastKnownFileType = sourcecode.swift; path = ApiManager.swift; sourceTree = "<group>"; };
		F2B384042B1495D500F4FB60 /* ApiRoutes.swift */ = {isa = PBXFileReference; lastKnownFileType = sourcecode.swift; path = ApiRoutes.swift; sourceTree = "<group>"; };
		F2B384062B1495E600F4FB60 /* NetworkClient.swift */ = {isa = PBXFileReference; lastKnownFileType = sourcecode.swift; path = NetworkClient.swift; sourceTree = "<group>"; };
		F2B384082B1495FF00F4FB60 /* API.swift */ = {isa = PBXFileReference; lastKnownFileType = sourcecode.swift; path = API.swift; sourceTree = "<group>"; };
		F2B3840C2B14966B00F4FB60 /* Global.swift */ = {isa = PBXFileReference; lastKnownFileType = sourcecode.swift; path = Global.swift; sourceTree = "<group>"; };
		F2B3840E2B14968400F4FB60 /* Extension.swift */ = {isa = PBXFileReference; lastKnownFileType = sourcecode.swift; path = Extension.swift; sourceTree = "<group>"; };
		F2B384112B14973200F4FB60 /* LoadingViewNib.xib */ = {isa = PBXFileReference; lastKnownFileType = file.xib; path = LoadingViewNib.xib; sourceTree = "<group>"; };
		F2B384122B14973200F4FB60 /* LoadingViewNib.swift */ = {isa = PBXFileReference; lastKnownFileType = sourcecode.swift; path = LoadingViewNib.swift; sourceTree = "<group>"; };
/* End PBXFileReference section */

/* Begin PBXFrameworksBuildPhase section */
		F2657FA12B1491EB00CDEEF3 /* Frameworks */ = {
			isa = PBXFrameworksBuildPhase;
			buildActionMask = 2147483647;
			files = (
				C514D9B92B1F1DD500BD405A /* Kingfisher in Frameworks */,
				12B4598C18C94DA0C73F4C85 /* Pods_ClientPortal.framework in Frameworks */,
			);
			runOnlyForDeploymentPostprocessing = 0;
		};
/* End PBXFrameworksBuildPhase section */

/* Begin PBXGroup section */
		2CF6DC080D0A0A5F9E5F02CF /* Pods */ = {
			isa = PBXGroup;
			children = (
				C7138E92B8675F3A401361BB /* Pods-ClientPortal.debug.xcconfig */,
				8719C42E7F2DE68B6C643F8B /* Pods-ClientPortal.release.xcconfig */,
				A78F62084F2DD30094DFCADF /* Pods-GenralProject.debug.xcconfig */,
				23B171179BF8CD92A745F0DC /* Pods-GenralProject.release.xcconfig */,
			);
			path = Pods;
			sourceTree = "<group>";
		};
		A36779171002A2BBB55C2953 /* Frameworks */ = {
			isa = PBXGroup;
			children = (
				BF01AB1363AE23927A769A3A /* Pods_ClientPortal.framework */,
			);
			name = Frameworks;
			sourceTree = "<group>";
		};
		C55F0E5F2B18D24F004EE83E /* Chat */ = {
			isa = PBXGroup;
			children = (
				C55F0E602B18D276004EE83E /* MyChatTVC.swift */,
				C55F0E612B18D276004EE83E /* MyChatTVC.xib */,
				C55F0E642B18D287004EE83E /* OtherChatTVC.swift */,
				C55F0E652B18D287004EE83E /* OtherChatTVC.xib */,
			);
			path = Chat;
			sourceTree = "<group>";
		};
		C58305D72B1729870084AD07 /* Main */ = {
			isa = PBXGroup;
			children = (
				F253EE552B14BF71006E72B7 /* DashboardViewController.swift */,
				F253EE572B14BF95006E72B7 /* TranscationViewController.swift */,
				C5FF1CA52B15C574000CFA0F /* SigninVC.swift */,
				C5FF1CC02B160E09000CFA0F /* AccountsVC.swift */,
				C5C207262B1621B300AF337A /* ChangePasswordVC.swift */,
				C5C207282B162DF100AF337A /* InternalTabsVC.swift */,
				C58305D32B17194A0084AD07 /* ProfileVC.swift */,
				C58305D52B1726EB0084AD07 /* ForgetPassVC.swift */,
				C58E8B192B1770FE00E7F3D3 /* MenuVC.swift */,
				C55F0E5D2B18CEEE004EE83E /* SupportVC.swift */,
			);
			path = Main;
			sourceTree = "<group>";
		};
		C58305DA2B1729B60084AD07 /* Deposit */ = {
			isa = PBXGroup;
			children = (
				C58305DB2B172F9B0084AD07 /* DepositVC.swift */,
				C58305E12B17396B0084AD07 /* CryptoWireVC.swift */,
				C58305E32B174E1A0084AD07 /* CryptoDetailsVC.swift */,
				C54402222B175367008209DD /* WireTransferDetailsVC.swift */,
				C54402242B175A3D008209DD /* InstantTransferVC.swift */,
				C54402262B175C03008209DD /* PerfectMoneyVC.swift */,
				C54402282B175C2A008209DD /* StickSkrillVC.swift */,
			);
			path = Deposit;
			sourceTree = "<group>";
		};
		C58E8B1D2B1777BA00E7F3D3 /* Menu */ = {
			isa = PBXGroup;
			children = (
				C58E8B202B17781000E7F3D3 /* MenuAccountsVC.swift */,
				C58E8B222B17793400E7F3D3 /* MenuTransactionVC.swift */,
				C58E8B242B1779E300E7F3D3 /* MenuTrainingVC.swift */,
				C58E8B262B177A2700E7F3D3 /* MenuProfileVC.swift */,
				C58E8B2C2B1782BB00E7F3D3 /* MenuTardesVC.swift */,
				C55F0E372B186800004EE83E /* MenuPlateformVC.swift */,
				C55F0E3D2B187756004EE83E /* BankAccountsVC.swift */,
				C55F0E432B187EF7004EE83E /* WalletsVC.swift */,
				C55F0E452B188403004EE83E /* ReportsVC.swift */,
				C55F0E4D2B18B291004EE83E /* TradeDetailsVC.swift */,
				C55F0E4F2B18B6C5004EE83E /* UserLogsVC.swift */,
				C55F0E552B18C021004EE83E /* UserDocsVC.swift */,
				C55F0E572B18C394004EE83E /* TrainingDetailsVC.swift */,
			);
			path = Menu;
			sourceTree = "<group>";
		};
		F253EE502B14AFA2006E72B7 /* UITabbarController */ = {
			isa = PBXGroup;
			children = (
				F253EE512B14AFB8006E72B7 /* CBSampleViewController.swift */,
				F253EE532B14B035006E72B7 /* SampleTabItem.swift */,
			);
			path = UITabbarController;
			sourceTree = "<group>";
		};
		F2657F9B2B1491EB00CDEEF3 = {
			isa = PBXGroup;
			children = (
				F2657FA62B1491EB00CDEEF3 /* ClientPortal */,
				F2657FA52B1491EB00CDEEF3 /* Products */,
				2CF6DC080D0A0A5F9E5F02CF /* Pods */,
				A36779171002A2BBB55C2953 /* Frameworks */,
			);
			sourceTree = "<group>";
		};
		F2657FA52B1491EB00CDEEF3 /* Products */ = {
			isa = PBXGroup;
			children = (
				F2657FA42B1491EB00CDEEF3 /* ClientPortal.app */,
			);
			name = Products;
			sourceTree = "<group>";
		};
		F2657FA62B1491EB00CDEEF3 /* ClientPortal */ = {
			isa = PBXGroup;
			children = (
				F2657FC02B14946E00CDEEF3 /* Misc */,
				F2657FBB2B14944100CDEEF3 /* MVVM */,
				F2657FB02B1491EC00CDEEF3 /* Assets.xcassets */,
				F2657FB52B1491EC00CDEEF3 /* Info.plist */,
			);
			path = ClientPortal;
			sourceTree = "<group>";
		};
		F2657FBB2B14944100CDEEF3 /* MVVM */ = {
			isa = PBXGroup;
			children = (
				F2657FBE2B14945800CDEEF3 /* View */,
				F2657FBD2B14944D00CDEEF3 /* ViewModel */,
				F2657FBC2B14944800CDEEF3 /* Model */,
			);
			path = MVVM;
			sourceTree = "<group>";
		};
		F2657FBC2B14944800CDEEF3 /* Model */ = {
			isa = PBXGroup;
			children = (
				C514D9AF2B1F10C200BD405A /* LoginModel.swift */,
				C514D9B12B1F150800BD405A /* ProfileRespose.swift */,
				C514D9B32B1F19A300BD405A /* BannerResponse.swift */,
				C514D9BA2B1F2F2F00BD405A /* AccountsResponse.swift */,
			);
			path = Model;
			sourceTree = "<group>";
		};
		F2657FBD2B14944D00CDEEF3 /* ViewModel */ = {
			isa = PBXGroup;
			children = (
			);
			path = ViewModel;
			sourceTree = "<group>";
		};
		F2657FBE2B14945800CDEEF3 /* View */ = {
			isa = PBXGroup;
			children = (
				F2657FC42B14949700CDEEF3 /* ViewControllers */,
				F2657FC32B14948D00CDEEF3 /* Nibs */,
				F2657FC22B14948300CDEEF3 /* Cells */,
				F2657FC12B14947900CDEEF3 /* SoryBoard */,
			);
			path = View;
			sourceTree = "<group>";
		};
		F2657FC02B14946E00CDEEF3 /* Misc */ = {
			isa = PBXGroup;
			children = (
				F2B3840A2B14964100F4FB60 /* Utlis */,
				F2657FC52B1494BC00CDEEF3 /* Network */,
				F2657FA72B1491EB00CDEEF3 /* AppDelegate.swift */,
				F2657FA92B1491EB00CDEEF3 /* SceneDelegate.swift */,
			);
			path = Misc;
			sourceTree = "<group>";
		};
		F2657FC12B14947900CDEEF3 /* SoryBoard */ = {
			isa = PBXGroup;
			children = (
				F2657FAD2B1491EB00CDEEF3 /* Main.storyboard */,
				F2657FB22B1491EC00CDEEF3 /* LaunchScreen.storyboard */,
				C58305D82B1729A20084AD07 /* Deposit.storyboard */,
				C58E8B1B2B1775A000E7F3D3 /* Menu.storyboard */,
			);
			path = SoryBoard;
			sourceTree = "<group>";
		};
		F2657FC22B14948300CDEEF3 /* Cells */ = {
			isa = PBXGroup;
			children = (
				C55F0E5F2B18D24F004EE83E /* Chat */,
				C5FF1CB42B15DDC6000CFA0F /* OfferCVC.swift */,
				C5FF1CB52B15DDC6000CFA0F /* OfferCVC.xib */,
				C5FF1CBC2B15FFA3000CFA0F /* DashboardTVC.swift */,
				C5FF1CBD2B15FFA3000CFA0F /* DashboardTVC.xib */,
				C5FF1CC22B160EFC000CFA0F /* AccountsCVC.swift */,
				C5FF1CC32B160EFC000CFA0F /* AccountsCVC.xib */,
				C58305DD2B1735680084AD07 /* TransferTVC.swift */,
				C58305DE2B1735680084AD07 /* TransferTVC.xib */,
				C58E8B152B1764E100E7F3D3 /* WalletCVC.swift */,
				C58E8B162B1764E100E7F3D3 /* WalletCVC.xib */,
				C58E8B2E2B1783DB00E7F3D3 /* TradesCVC.swift */,
				C58E8B2F2B1783DC00E7F3D3 /* TradesCVC.xib */,
				C55F0E392B18687D004EE83E /* PlateformCVC.swift */,
				C55F0E3A2B18687D004EE83E /* PlateformCVC.xib */,
				C55F0E3F2B18785A004EE83E /* BanksCVC.swift */,
				C55F0E402B18785A004EE83E /* BanksCVC.xib */,
				C55F0E472B1885BC004EE83E /* ReportsCVC.swift */,
				C55F0E482B1885BC004EE83E /* ReportsCVC.xib */,
				C55F0E512B18B774004EE83E /* LogsCVC.swift */,
				C55F0E522B18B774004EE83E /* LogsCVC.xib */,
				C55F0E592B18C4AA004EE83E /* TrainingCVC.swift */,
				C55F0E5A2B18C4AA004EE83E /* TrainingCVC.xib */,
			);
			path = Cells;
			sourceTree = "<group>";
		};
		F2657FC32B14948D00CDEEF3 /* Nibs */ = {
			isa = PBXGroup;
			children = (
				F2B384122B14973200F4FB60 /* LoadingViewNib.swift */,
				F2B384112B14973200F4FB60 /* LoadingViewNib.xib */,
				C5FF1CB82B15FB35000CFA0F /* DashboradTVHeader.swift */,
				C5FF1CBA2B15FB3F000CFA0F /* DashboradTVHeader.xib */,
				C58E8B2A2B177D7300E7F3D3 /* TradeMTView.swift */,
				C58E8B282B177D6A00E7F3D3 /* TradeMTView.xib */,
			);
			path = Nibs;
			sourceTree = "<group>";
		};
		F2657FC42B14949700CDEEF3 /* ViewControllers */ = {
			isa = PBXGroup;
			children = (
				C58E8B1D2B1777BA00E7F3D3 /* Menu */,
				F2657FAB2B1491EB00CDEEF3 /* ViewController.swift */,
				F253EE502B14AFA2006E72B7 /* UITabbarController */,
				C58305D72B1729870084AD07 /* Main */,
				C58305DA2B1729B60084AD07 /* Deposit */,
			);
			path = ViewControllers;
			sourceTree = "<group>";
		};
		F2657FC52B1494BC00CDEEF3 /* Network */ = {
			isa = PBXGroup;
			children = (
				F2B384002B14959500F4FB60 /* ApiConstants.swift */,
				F2B384022B1495BC00F4FB60 /* ApiManager.swift */,
				F2B384042B1495D500F4FB60 /* ApiRoutes.swift */,
				F2B384062B1495E600F4FB60 /* NetworkClient.swift */,
				F2B384082B1495FF00F4FB60 /* API.swift */,
			);
			path = Network;
			sourceTree = "<group>";
		};
		F2B3840A2B14964100F4FB60 /* Utlis */ = {
			isa = PBXGroup;
			children = (
				F2B384102B1496DB00F4FB60 /* Font */,
				F2B3840B2B14964B00F4FB60 /* ViewUtils */,
				F2B3840C2B14966B00F4FB60 /* Global.swift */,
				F2B3840E2B14968400F4FB60 /* Extension.swift */,
				C5FF1CA72B15C5A7000CFA0F /* Enum.swift */,
				C514D9B52B1F1C6500BD405A /* ImageUtils.swift */,
			);
			path = Utlis;
			sourceTree = "<group>";
		};
		F2B3840B2B14964B00F4FB60 /* ViewUtils */ = {
			isa = PBXGroup;
			children = (
				C5FF1CAA2B15C7AF000CFA0F /* UIButtonX.swift */,
				C5FF1CA92B15C7AF000CFA0F /* UITextFieldX.swift */,
				C5FF1CAB2B15C7B0000CFA0F /* UIViewX.swift */,
			);
			path = ViewUtils;
			sourceTree = "<group>";
		};
		F2B384102B1496DB00F4FB60 /* Font */ = {
			isa = PBXGroup;
			children = (
				C5FF1CB12B15C86D000CFA0F /* QuicksandBold.ttf */,
				C5FF1CB02B15C86C000CFA0F /* QuicksandLight.ttf */,
				C5FF1CAF2B15C86C000CFA0F /* QuicksandMedium.ttf */,
				C5FF1CB22B15C86D000CFA0F /* QuicksandRegular.ttf */,
				C5FF1CB32B15C86D000CFA0F /* QuicksandSemiBold.ttf */,
			);
			path = Font;
			sourceTree = "<group>";
		};
/* End PBXGroup section */

/* Begin PBXNativeTarget section */
		F2657FA32B1491EB00CDEEF3 /* ClientPortal */ = {
			isa = PBXNativeTarget;
			buildConfigurationList = F2657FB82B1491EC00CDEEF3 /* Build configuration list for PBXNativeTarget "ClientPortal" */;
			buildPhases = (
				9E84EBCB20821C95A8A456A2 /* [CP] Check Pods Manifest.lock */,
				F2657FA02B1491EB00CDEEF3 /* Sources */,
				F2657FA12B1491EB00CDEEF3 /* Frameworks */,
				F2657FA22B1491EB00CDEEF3 /* Resources */,
				1C1CB7636BCF3F9811DFE45A /* [CP] Embed Pods Frameworks */,
			);
			buildRules = (
			);
			dependencies = (
			);
			name = ClientPortal;
			packageProductDependencies = (
				C514D9B82B1F1DD500BD405A /* Kingfisher */,
			);
			productName = ClientPortal;
			productReference = F2657FA42B1491EB00CDEEF3 /* ClientPortal.app */;
			productType = "com.apple.product-type.application";
		};
/* End PBXNativeTarget section */

/* Begin PBXProject section */
		F2657F9C2B1491EB00CDEEF3 /* Project object */ = {
			isa = PBXProject;
			attributes = {
				BuildIndependentTargetsInParallel = 1;
				LastSwiftUpdateCheck = 1500;
				LastUpgradeCheck = 1500;
				TargetAttributes = {
					F2657FA32B1491EB00CDEEF3 = {
						CreatedOnToolsVersion = 15.0;
					};
				};
			};
			buildConfigurationList = F2657F9F2B1491EB00CDEEF3 /* Build configuration list for PBXProject "ClientPortal" */;
			compatibilityVersion = "Xcode 14.0";
			developmentRegion = en;
			hasScannedForEncodings = 0;
			knownRegions = (
				en,
				Base,
			);
			mainGroup = F2657F9B2B1491EB00CDEEF3;
			packageReferences = (
				C514D9B72B1F1DD500BD405A /* XCRemoteSwiftPackageReference "Kingfisher" */,
			);
			productRefGroup = F2657FA52B1491EB00CDEEF3 /* Products */;
			projectDirPath = "";
			projectRoot = "";
			targets = (
				F2657FA32B1491EB00CDEEF3 /* ClientPortal */,
			);
		};
/* End PBXProject section */

/* Begin PBXResourcesBuildPhase section */
		F2657FA22B1491EB00CDEEF3 /* Resources */ = {
			isa = PBXResourcesBuildPhase;
			buildActionMask = 2147483647;
			files = (
				C58305E02B1735680084AD07 /* TransferTVC.xib in Resources */,
				C55F0E672B18D287004EE83E /* OtherChatTVC.xib in Resources */,
				C5FF1CB72B15DDC6000CFA0F /* OfferCVC.xib in Resources */,
				F2657FB42B1491EC00CDEEF3 /* LaunchScreen.storyboard in Resources */,
				C58E8B1C2B1775A000E7F3D3 /* Menu.storyboard in Resources */,
				F2B384142B14973E00F4FB60 /* LoadingViewNib.xib in Resources */,
				C55F0E632B18D276004EE83E /* MyChatTVC.xib in Resources */,
				C58E8B312B1783DC00E7F3D3 /* TradesCVC.xib in Resources */,
				F2657FB12B1491EC00CDEEF3 /* Assets.xcassets in Resources */,
				C5FF1CC52B160EFC000CFA0F /* AccountsCVC.xib in Resources */,
				C55F0E422B18785A004EE83E /* BanksCVC.xib in Resources */,
				C55F0E542B18B774004EE83E /* LogsCVC.xib in Resources */,
				C55F0E5C2B18C4AA004EE83E /* TrainingCVC.xib in Resources */,
				F2657FAF2B1491EB00CDEEF3 /* Main.storyboard in Resources */,
				C58305D92B1729A20084AD07 /* Deposit.storyboard in Resources */,
				C58E8B182B1764E100E7F3D3 /* WalletCVC.xib in Resources */,
				C5FF1CBB2B15FB3F000CFA0F /* DashboradTVHeader.xib in Resources */,
				C55F0E3C2B18687D004EE83E /* PlateformCVC.xib in Resources */,
				C55F0E4A2B1885BC004EE83E /* ReportsCVC.xib in Resources */,
				C5FF1CBF2B15FFA3000CFA0F /* DashboardTVC.xib in Resources */,
				C58E8B292B177D6A00E7F3D3 /* TradeMTView.xib in Resources */,
			);
			runOnlyForDeploymentPostprocessing = 0;
		};
/* End PBXResourcesBuildPhase section */

/* Begin PBXShellScriptBuildPhase section */
		1C1CB7636BCF3F9811DFE45A /* [CP] Embed Pods Frameworks */ = {
			isa = PBXShellScriptBuildPhase;
			buildActionMask = 2147483647;
			files = (
			);
			inputFileListPaths = (
				"${PODS_ROOT}/Target Support Files/Pods-ClientPortal/Pods-ClientPortal-frameworks-${CONFIGURATION}-input-files.xcfilelist",
			);
			name = "[CP] Embed Pods Frameworks";
			outputFileListPaths = (
				"${PODS_ROOT}/Target Support Files/Pods-ClientPortal/Pods-ClientPortal-frameworks-${CONFIGURATION}-output-files.xcfilelist",
			);
			runOnlyForDeploymentPostprocessing = 0;
			shellPath = /bin/sh;
			shellScript = "\"${PODS_ROOT}/Target Support Files/Pods-ClientPortal/Pods-ClientPortal-frameworks.sh\"\n";
			showEnvVarsInLog = 0;
		};
		9E84EBCB20821C95A8A456A2 /* [CP] Check Pods Manifest.lock */ = {
			isa = PBXShellScriptBuildPhase;
			buildActionMask = 2147483647;
			files = (
			);
			inputFileListPaths = (
			);
			inputPaths = (
				"${PODS_PODFILE_DIR_PATH}/Podfile.lock",
				"${PODS_ROOT}/Manifest.lock",
			);
			name = "[CP] Check Pods Manifest.lock";
			outputFileListPaths = (
			);
			outputPaths = (
				"$(DERIVED_FILE_DIR)/Pods-ClientPortal-checkManifestLockResult.txt",
			);
			runOnlyForDeploymentPostprocessing = 0;
			shellPath = /bin/sh;
			shellScript = "diff \"${PODS_PODFILE_DIR_PATH}/Podfile.lock\" \"${PODS_ROOT}/Manifest.lock\" > /dev/null\nif [ $? != 0 ] ; then\n    # print error to STDERR\n    echo \"error: The sandbox is not in sync with the Podfile.lock. Run 'pod install' or update your CocoaPods installation.\" >&2\n    exit 1\nfi\n# This output is used by Xcode 'outputs' to avoid re-running this script phase.\necho \"SUCCESS\" > \"${SCRIPT_OUTPUT_FILE_0}\"\n";
			showEnvVarsInLog = 0;
		};
/* End PBXShellScriptBuildPhase section */

/* Begin PBXSourcesBuildPhase section */
		F2657FA02B1491EB00CDEEF3 /* Sources */ = {
			isa = PBXSourcesBuildPhase;
			buildActionMask = 2147483647;
			files = (
				F2B384012B14959500F4FB60 /* ApiConstants.swift in Sources */,
				F253EE562B14BF71006E72B7 /* DashboardViewController.swift in Sources */,
				C5FF1CC42B160EFC000CFA0F /* AccountsCVC.swift in Sources */,
				C58305E42B174E1A0084AD07 /* CryptoDetailsVC.swift in Sources */,
				F2657FAC2B1491EB00CDEEF3 /* ViewController.swift in Sources */,
				F2B384032B1495BC00F4FB60 /* ApiManager.swift in Sources */,
				C5C207272B1621B300AF337A /* ChangePasswordVC.swift in Sources */,
				F2657FA82B1491EB00CDEEF3 /* AppDelegate.swift in Sources */,
				C55F0E442B187EF7004EE83E /* WalletsVC.swift in Sources */,
				F2B384072B1495E600F4FB60 /* NetworkClient.swift in Sources */,
				C54402272B175C03008209DD /* PerfectMoneyVC.swift in Sources */,
				F253EE582B14BF95006E72B7 /* TranscationViewController.swift in Sources */,
				F253EE542B14B035006E72B7 /* SampleTabItem.swift in Sources */,
				C55F0E412B18785A004EE83E /* BanksCVC.swift in Sources */,
				C5FF1CBE2B15FFA3000CFA0F /* DashboardTVC.swift in Sources */,
				C5FF1CAD2B15C7B0000CFA0F /* UIButtonX.swift in Sources */,
				F2B3840F2B14968400F4FB60 /* Extension.swift in Sources */,
				F2B384052B1495D500F4FB60 /* ApiRoutes.swift in Sources */,
				C54402252B175A3D008209DD /* InstantTransferVC.swift in Sources */,
				C54402232B175367008209DD /* WireTransferDetailsVC.swift in Sources */,
				C5C207292B162DF100AF337A /* InternalTabsVC.swift in Sources */,
				C55F0E3B2B18687D004EE83E /* PlateformCVC.swift in Sources */,
				C514D9B02B1F10C200BD405A /* LoginModel.swift in Sources */,
				C5FF1CC12B160E09000CFA0F /* AccountsVC.swift in Sources */,
				C58305D42B17194A0084AD07 /* ProfileVC.swift in Sources */,
				C58E8B212B17781000E7F3D3 /* MenuAccountsVC.swift in Sources */,
				C55F0E532B18B774004EE83E /* LogsCVC.swift in Sources */,
				C55F0E662B18D287004EE83E /* OtherChatTVC.swift in Sources */,
				C5FF1CA62B15C574000CFA0F /* SigninVC.swift in Sources */,
				C55F0E462B188403004EE83E /* ReportsVC.swift in Sources */,
				F2B384132B14973A00F4FB60 /* LoadingViewNib.swift in Sources */,
				C5FF1CAE2B15C7B0000CFA0F /* UIViewX.swift in Sources */,
				C5FF1CAC2B15C7B0000CFA0F /* UITextFieldX.swift in Sources */,
				C514D9B22B1F150800BD405A /* ProfileRespose.swift in Sources */,
				C58305DF2B1735680084AD07 /* TransferTVC.swift in Sources */,
				C55F0E5E2B18CEEE004EE83E /* SupportVC.swift in Sources */,
				C58E8B252B1779E300E7F3D3 /* MenuTrainingVC.swift in Sources */,
				F2B384092B1495FF00F4FB60 /* API.swift in Sources */,
				C5FF1CA82B15C5A7000CFA0F /* Enum.swift in Sources */,
				C58E8B232B17793400E7F3D3 /* MenuTransactionVC.swift in Sources */,
				C58E8B2D2B1782BB00E7F3D3 /* MenuTardesVC.swift in Sources */,
				C55F0E582B18C394004EE83E /* TrainingDetailsVC.swift in Sources */,
				C55F0E622B18D276004EE83E /* MyChatTVC.swift in Sources */,
				C55F0E4E2B18B291004EE83E /* TradeDetailsVC.swift in Sources */,
				C5FF1CB92B15FB35000CFA0F /* DashboradTVHeader.swift in Sources */,
				F253EE522B14AFB8006E72B7 /* CBSampleViewController.swift in Sources */,
				C54402292B175C2A008209DD /* StickSkrillVC.swift in Sources */,
				C514D9B42B1F19A300BD405A /* BannerResponse.swift in Sources */,
				C55F0E502B18B6C5004EE83E /* UserLogsVC.swift in Sources */,
				C55F0E3E2B187756004EE83E /* BankAccountsVC.swift in Sources */,
				C55F0E5B2B18C4AA004EE83E /* TrainingCVC.swift in Sources */,
				C58E8B272B177A2700E7F3D3 /* MenuProfileVC.swift in Sources */,
				F2657FAA2B1491EB00CDEEF3 /* SceneDelegate.swift in Sources */,
				C58E8B1A2B1770FE00E7F3D3 /* MenuVC.swift in Sources */,
				F2B3840D2B14966B00F4FB60 /* Global.swift in Sources */,
				C58305D62B1726EB0084AD07 /* ForgetPassVC.swift in Sources */,
				C5FF1CB62B15DDC6000CFA0F /* OfferCVC.swift in Sources */,
				C55F0E492B1885BC004EE83E /* ReportsCVC.swift in Sources */,
				C55F0E382B186800004EE83E /* MenuPlateformVC.swift in Sources */,
				C55F0E562B18C021004EE83E /* UserDocsVC.swift in Sources */,
				C58E8B302B1783DC00E7F3D3 /* TradesCVC.swift in Sources */,
				C58E8B2B2B177D7300E7F3D3 /* TradeMTView.swift in Sources */,
				C514D9BB2B1F2F2F00BD405A /* AccountsResponse.swift in Sources */,
				C58E8B172B1764E100E7F3D3 /* WalletCVC.swift in Sources */,
				C58305E22B17396B0084AD07 /* CryptoWireVC.swift in Sources */,
				C58305DC2B172F9B0084AD07 /* DepositVC.swift in Sources */,
				C514D9B62B1F1C6500BD405A /* ImageUtils.swift in Sources */,
			);
			runOnlyForDeploymentPostprocessing = 0;
		};
/* End PBXSourcesBuildPhase section */

/* Begin PBXVariantGroup section */
		F2657FAD2B1491EB00CDEEF3 /* Main.storyboard */ = {
			isa = PBXVariantGroup;
			children = (
				F2657FAE2B1491EB00CDEEF3 /* Base */,
			);
			name = Main.storyboard;
			sourceTree = "<group>";
		};
		F2657FB22B1491EC00CDEEF3 /* LaunchScreen.storyboard */ = {
			isa = PBXVariantGroup;
			children = (
				F2657FB32B1491EC00CDEEF3 /* Base */,
			);
			name = LaunchScreen.storyboard;
			sourceTree = "<group>";
		};
/* End PBXVariantGroup section */

/* Begin XCBuildConfiguration section */
		F2657FB62B1491EC00CDEEF3 /* Debug */ = {
			isa = XCBuildConfiguration;
			buildSettings = {
				ALWAYS_SEARCH_USER_PATHS = NO;
				ASSETCATALOG_COMPILER_GENERATE_SWIFT_ASSET_SYMBOL_EXTENSIONS = YES;
				CLANG_ANALYZER_NONNULL = YES;
				CLANG_ANALYZER_NUMBER_OBJECT_CONVERSION = YES_AGGRESSIVE;
				CLANG_CXX_LANGUAGE_STANDARD = "gnu++20";
				CLANG_ENABLE_MODULES = YES;
				CLANG_ENABLE_OBJC_ARC = YES;
				CLANG_ENABLE_OBJC_WEAK = YES;
				CLANG_WARN_BLOCK_CAPTURE_AUTORELEASING = YES;
				CLANG_WARN_BOOL_CONVERSION = YES;
				CLANG_WARN_COMMA = YES;
				CLANG_WARN_CONSTANT_CONVERSION = YES;
				CLANG_WARN_DEPRECATED_OBJC_IMPLEMENTATIONS = YES;
				CLANG_WARN_DIRECT_OBJC_ISA_USAGE = YES_ERROR;
				CLANG_WARN_DOCUMENTATION_COMMENTS = YES;
				CLANG_WARN_EMPTY_BODY = YES;
				CLANG_WARN_ENUM_CONVERSION = YES;
				CLANG_WARN_INFINITE_RECURSION = YES;
				CLANG_WARN_INT_CONVERSION = YES;
				CLANG_WARN_NON_LITERAL_NULL_CONVERSION = YES;
				CLANG_WARN_OBJC_IMPLICIT_RETAIN_SELF = YES;
				CLANG_WARN_OBJC_LITERAL_CONVERSION = YES;
				CLANG_WARN_OBJC_ROOT_CLASS = YES_ERROR;
				CLANG_WARN_QUOTED_INCLUDE_IN_FRAMEWORK_HEADER = YES;
				CLANG_WARN_RANGE_LOOP_ANALYSIS = YES;
				CLANG_WARN_STRICT_PROTOTYPES = YES;
				CLANG_WARN_SUSPICIOUS_MOVE = YES;
				CLANG_WARN_UNGUARDED_AVAILABILITY = YES_AGGRESSIVE;
				CLANG_WARN_UNREACHABLE_CODE = YES;
				CLANG_WARN__DUPLICATE_METHOD_MATCH = YES;
				COPY_PHASE_STRIP = NO;
				DEBUG_INFORMATION_FORMAT = dwarf;
				ENABLE_STRICT_OBJC_MSGSEND = YES;
				ENABLE_TESTABILITY = YES;
				ENABLE_USER_SCRIPT_SANDBOXING = YES;
				GCC_C_LANGUAGE_STANDARD = gnu17;
				GCC_DYNAMIC_NO_PIC = NO;
				GCC_NO_COMMON_BLOCKS = YES;
				GCC_OPTIMIZATION_LEVEL = 0;
				GCC_PREPROCESSOR_DEFINITIONS = (
					"DEBUG=1",
					"$(inherited)",
				);
				GCC_WARN_64_TO_32_BIT_CONVERSION = YES;
				GCC_WARN_ABOUT_RETURN_TYPE = YES_ERROR;
				GCC_WARN_UNDECLARED_SELECTOR = YES;
				GCC_WARN_UNINITIALIZED_AUTOS = YES_AGGRESSIVE;
				GCC_WARN_UNUSED_FUNCTION = YES;
				GCC_WARN_UNUSED_VARIABLE = YES;
				IPHONEOS_DEPLOYMENT_TARGET = 17.0;
				LOCALIZATION_PREFERS_STRING_CATALOGS = YES;
				MTL_ENABLE_DEBUG_INFO = INCLUDE_SOURCE;
				MTL_FAST_MATH = YES;
				ONLY_ACTIVE_ARCH = YES;
				SDKROOT = iphoneos;
				SWIFT_ACTIVE_COMPILATION_CONDITIONS = "DEBUG $(inherited)";
				SWIFT_OPTIMIZATION_LEVEL = "-Onone";
			};
			name = Debug;
		};
		F2657FB72B1491EC00CDEEF3 /* Release */ = {
			isa = XCBuildConfiguration;
			buildSettings = {
				ALWAYS_SEARCH_USER_PATHS = NO;
				ASSETCATALOG_COMPILER_GENERATE_SWIFT_ASSET_SYMBOL_EXTENSIONS = YES;
				CLANG_ANALYZER_NONNULL = YES;
				CLANG_ANALYZER_NUMBER_OBJECT_CONVERSION = YES_AGGRESSIVE;
				CLANG_CXX_LANGUAGE_STANDARD = "gnu++20";
				CLANG_ENABLE_MODULES = YES;
				CLANG_ENABLE_OBJC_ARC = YES;
				CLANG_ENABLE_OBJC_WEAK = YES;
				CLANG_WARN_BLOCK_CAPTURE_AUTORELEASING = YES;
				CLANG_WARN_BOOL_CONVERSION = YES;
				CLANG_WARN_COMMA = YES;
				CLANG_WARN_CONSTANT_CONVERSION = YES;
				CLANG_WARN_DEPRECATED_OBJC_IMPLEMENTATIONS = YES;
				CLANG_WARN_DIRECT_OBJC_ISA_USAGE = YES_ERROR;
				CLANG_WARN_DOCUMENTATION_COMMENTS = YES;
				CLANG_WARN_EMPTY_BODY = YES;
				CLANG_WARN_ENUM_CONVERSION = YES;
				CLANG_WARN_INFINITE_RECURSION = YES;
				CLANG_WARN_INT_CONVERSION = YES;
				CLANG_WARN_NON_LITERAL_NULL_CONVERSION = YES;
				CLANG_WARN_OBJC_IMPLICIT_RETAIN_SELF = YES;
				CLANG_WARN_OBJC_LITERAL_CONVERSION = YES;
				CLANG_WARN_OBJC_ROOT_CLASS = YES_ERROR;
				CLANG_WARN_QUOTED_INCLUDE_IN_FRAMEWORK_HEADER = YES;
				CLANG_WARN_RANGE_LOOP_ANALYSIS = YES;
				CLANG_WARN_STRICT_PROTOTYPES = YES;
				CLANG_WARN_SUSPICIOUS_MOVE = YES;
				CLANG_WARN_UNGUARDED_AVAILABILITY = YES_AGGRESSIVE;
				CLANG_WARN_UNREACHABLE_CODE = YES;
				CLANG_WARN__DUPLICATE_METHOD_MATCH = YES;
				COPY_PHASE_STRIP = NO;
				DEBUG_INFORMATION_FORMAT = "dwarf-with-dsym";
				ENABLE_NS_ASSERTIONS = NO;
				ENABLE_STRICT_OBJC_MSGSEND = YES;
				ENABLE_USER_SCRIPT_SANDBOXING = YES;
				GCC_C_LANGUAGE_STANDARD = gnu17;
				GCC_NO_COMMON_BLOCKS = YES;
				GCC_WARN_64_TO_32_BIT_CONVERSION = YES;
				GCC_WARN_ABOUT_RETURN_TYPE = YES_ERROR;
				GCC_WARN_UNDECLARED_SELECTOR = YES;
				GCC_WARN_UNINITIALIZED_AUTOS = YES_AGGRESSIVE;
				GCC_WARN_UNUSED_FUNCTION = YES;
				GCC_WARN_UNUSED_VARIABLE = YES;
				IPHONEOS_DEPLOYMENT_TARGET = 17.0;
				LOCALIZATION_PREFERS_STRING_CATALOGS = YES;
				MTL_ENABLE_DEBUG_INFO = NO;
				MTL_FAST_MATH = YES;
				SDKROOT = iphoneos;
				SWIFT_COMPILATION_MODE = wholemodule;
				VALIDATE_PRODUCT = YES;
			};
			name = Release;
		};
		F2657FB92B1491EC00CDEEF3 /* Debug */ = {
			isa = XCBuildConfiguration;
			baseConfigurationReference = C7138E92B8675F3A401361BB /* Pods-ClientPortal.debug.xcconfig */;
			buildSettings = {
				ASSETCATALOG_COMPILER_APPICON_NAME = AppIcon;
				ASSETCATALOG_COMPILER_GLOBAL_ACCENT_COLOR_NAME = AccentColor;
				CODE_SIGN_STYLE = Automatic;
				CURRENT_PROJECT_VERSION = 1;
				DEVELOPMENT_TEAM = S2V6TCQFA2;
				ENABLE_USER_SCRIPT_SANDBOXING = NO;
				GENERATE_INFOPLIST_FILE = YES;
				INFOPLIST_FILE = "$(PRODUCT_MODULE_NAME)/Info.plist";
				INFOPLIST_KEY_UIApplicationSupportsIndirectInputEvents = YES;
				INFOPLIST_KEY_UILaunchStoryboardName = LaunchScreen;
				INFOPLIST_KEY_UIMainStoryboardFile = Main;
				INFOPLIST_KEY_UISupportedInterfaceOrientations_iPad = "UIInterfaceOrientationPortrait UIInterfaceOrientationPortraitUpsideDown UIInterfaceOrientationLandscapeLeft UIInterfaceOrientationLandscapeRight";
				INFOPLIST_KEY_UISupportedInterfaceOrientations_iPhone = "UIInterfaceOrientationPortrait UIInterfaceOrientationLandscapeLeft UIInterfaceOrientationLandscapeRight";
				IPHONEOS_DEPLOYMENT_TARGET = 12.0;
				LD_RUNPATH_SEARCH_PATHS = (
					"$(inherited)",
					"@executable_path/Frameworks",
				);
				MARKETING_VERSION = 1.0;
				PRODUCT_BUNDLE_IDENTIFIER = com.devsonics.ClientPortal;
				PRODUCT_NAME = "$(TARGET_NAME)";
				SWIFT_EMIT_LOC_STRINGS = YES;
				SWIFT_VERSION = 5.0;
				TARGETED_DEVICE_FAMILY = "1,2";
			};
			name = Debug;
		};
		F2657FBA2B1491EC00CDEEF3 /* Release */ = {
			isa = XCBuildConfiguration;
			baseConfigurationReference = 8719C42E7F2DE68B6C643F8B /* Pods-ClientPortal.release.xcconfig */;
			buildSettings = {
				ASSETCATALOG_COMPILER_APPICON_NAME = AppIcon;
				ASSETCATALOG_COMPILER_GLOBAL_ACCENT_COLOR_NAME = AccentColor;
				CODE_SIGN_STYLE = Automatic;
				CURRENT_PROJECT_VERSION = 1;
				DEVELOPMENT_TEAM = S2V6TCQFA2;
				ENABLE_USER_SCRIPT_SANDBOXING = NO;
				GENERATE_INFOPLIST_FILE = YES;
				INFOPLIST_FILE = "$(PRODUCT_MODULE_NAME)/Info.plist";
				INFOPLIST_KEY_UIApplicationSupportsIndirectInputEvents = YES;
				INFOPLIST_KEY_UILaunchStoryboardName = LaunchScreen;
				INFOPLIST_KEY_UIMainStoryboardFile = Main;
				INFOPLIST_KEY_UISupportedInterfaceOrientations_iPad = "UIInterfaceOrientationPortrait UIInterfaceOrientationPortraitUpsideDown UIInterfaceOrientationLandscapeLeft UIInterfaceOrientationLandscapeRight";
				INFOPLIST_KEY_UISupportedInterfaceOrientations_iPhone = "UIInterfaceOrientationPortrait UIInterfaceOrientationLandscapeLeft UIInterfaceOrientationLandscapeRight";
				IPHONEOS_DEPLOYMENT_TARGET = 12.0;
				LD_RUNPATH_SEARCH_PATHS = (
					"$(inherited)",
					"@executable_path/Frameworks",
				);
				MARKETING_VERSION = 1.0;
				PRODUCT_BUNDLE_IDENTIFIER = com.devsonics.ClientPortal;
				PRODUCT_NAME = "$(TARGET_NAME)";
				SWIFT_EMIT_LOC_STRINGS = YES;
				SWIFT_VERSION = 5.0;
				TARGETED_DEVICE_FAMILY = "1,2";
			};
			name = Release;
		};
/* End XCBuildConfiguration section */

/* Begin XCConfigurationList section */
		F2657F9F2B1491EB00CDEEF3 /* Build configuration list for PBXProject "ClientPortal" */ = {
			isa = XCConfigurationList;
			buildConfigurations = (
				F2657FB62B1491EC00CDEEF3 /* Debug */,
				F2657FB72B1491EC00CDEEF3 /* Release */,
			);
			defaultConfigurationIsVisible = 0;
			defaultConfigurationName = Release;
		};
		F2657FB82B1491EC00CDEEF3 /* Build configuration list for PBXNativeTarget "ClientPortal" */ = {
			isa = XCConfigurationList;
			buildConfigurations = (
				F2657FB92B1491EC00CDEEF3 /* Debug */,
				F2657FBA2B1491EC00CDEEF3 /* Release */,
			);
			defaultConfigurationIsVisible = 0;
			defaultConfigurationName = Release;
		};
/* End XCConfigurationList section */

/* Begin XCRemoteSwiftPackageReference section */
		C514D9B72B1F1DD500BD405A /* XCRemoteSwiftPackageReference "Kingfisher" */ = {
			isa = XCRemoteSwiftPackageReference;
			repositoryURL = "https://github.com/onevcat/Kingfisher.git";
			requirement = {
				kind = upToNextMajorVersion;
				minimumVersion = 7.0.0;
			};
		};
/* End XCRemoteSwiftPackageReference section */

/* Begin XCSwiftPackageProductDependency section */
		C514D9B82B1F1DD500BD405A /* Kingfisher */ = {
			isa = XCSwiftPackageProductDependency;
			package = C514D9B72B1F1DD500BD405A /* XCRemoteSwiftPackageReference "Kingfisher" */;
			productName = Kingfisher;
		};
/* End XCSwiftPackageProductDependency section */
	};
	rootObject = F2657F9C2B1491EB00CDEEF3 /* Project object */;
}
